// !$*UTF8*$!
{
	archiveVersion = 1;
	classes = {
	};
	objectVersion = 42;
	objects = {

/* Begin PBXBuildFile section */
		3668C9B00EAFE02200D0A0F2 /* navigator.h in CopyFiles */ = {isa = PBXBuildFile; fileRef = 3668C9AE0EAFE02200D0A0F2 /* navigator.h */; };
		3668C9B10EAFE02200D0A0F2 /* navigator.m in Sources */ = {isa = PBXBuildFile; fileRef = 3668C9AF0EAFE02200D0A0F2 /* navigator.m */; };
		3668C9BD0EAFE05200D0A0F2 /* 3DconnexionClient.framework in Frameworks */ = {isa = PBXBuildFile; fileRef = 3668C89D0EAFDB7000D0A0F2 /* 3DconnexionClient.framework */; };
		3668C9BF0EAFE06700D0A0F2 /* Cocoa.framework in Frameworks */ = {isa = PBXBuildFile; fileRef = 3668C9BE0EAFE06700D0A0F2 /* Cocoa.framework */; };
/* End PBXBuildFile section */

/* Begin PBXCopyFilesBuildPhase section */
		36AD7A510D9C3A61006F2735 /* CopyFiles */ = {
			isa = PBXCopyFilesBuildPhase;
			buildActionMask = 2147483647;
			dstPath = "";
			dstSubfolderSpec = 16;
			files = (
				3668C9B00EAFE02200D0A0F2 /* navigator.h in CopyFiles */,
			);
			runOnlyForDeploymentPostprocessing = 0;
		};
/* End PBXCopyFilesBuildPhase section */

/* Begin PBXFileReference section */
		3668C89D0EAFDB7000D0A0F2 /* 3DconnexionClient.framework */ = {isa = PBXFileReference; lastKnownFileType = wrapper.framework; name = 3DconnexionClient.framework; path = /Library/Frameworks/3DconnexionClient.framework; sourceTree = "<absolute>"; };
		3668C9390EAFDE1700D0A0F2 /* navigator_test.lua */ = {isa = PBXFileReference; fileEncoding = 4; lastKnownFileType = sourcecode.lua; name = navigator_test.lua; path = ../../extra/examples/other/navigator_test.lua; sourceTree = SOURCE_ROOT; };
		3668C9AE0EAFE02200D0A0F2 /* navigator.h */ = {isa = PBXFileReference; fileEncoding = 4; lastKnownFileType = sourcecode.c.h; path = navigator.h; sourceTree = "<group>"; };
		3668C9AF0EAFE02200D0A0F2 /* navigator.m */ = {isa = PBXFileReference; fileEncoding = 4; lastKnownFileType = sourcecode.c.objc; path = navigator.m; sourceTree = "<group>"; };
		3668C9BE0EAFE06700D0A0F2 /* Cocoa.framework */ = {isa = PBXFileReference; lastKnownFileType = wrapper.framework; name = Cocoa.framework; path = /System/Library/Frameworks/Cocoa.framework; sourceTree = "<absolute>"; };
		367ECD820D9968F700565B42 /* lua_navigator.h */ = {isa = PBXFileReference; fileEncoding = 30; lastKnownFileType = sourcecode.c.h; path = lua_navigator.h; sourceTree = "<group>"; };
		D2AAC0630554660B00DB518D /* navigator.so */ = {isa = PBXFileReference; explicitFileType = "compiled.mach-o.dylib"; includeInIndex = 0; path = navigator.so; sourceTree = BUILT_PRODUCTS_DIR; };
/* End PBXFileReference section */

/* Begin PBXFrameworksBuildPhase section */
		D289988505E68E00004EDB86 /* Frameworks */ = {
			isa = PBXFrameworksBuildPhase;
			buildActionMask = 2147483647;
			files = (
				3668C9BD0EAFE05200D0A0F2 /* 3DconnexionClient.framework in Frameworks */,
				3668C9BF0EAFE06700D0A0F2 /* Cocoa.framework in Frameworks */,
			);
			runOnlyForDeploymentPostprocessing = 0;
		};
/* End PBXFrameworksBuildPhase section */

/* Begin PBXGroup section */
		08FB7794FE84155DC02AAC07 /* midi */ = {
			isa = PBXGroup;
			children = (
				3668C9BE0EAFE06700D0A0F2 /* Cocoa.framework */,
				3668C89D0EAFDB7000D0A0F2 /* 3DconnexionClient.framework */,
				367ECD820D9968F700565B42 /* lua_navigator.h */,
				1AB674ADFE9D54B511CA2CBB /* Products */,
				3668C9390EAFDE1700D0A0F2 /* navigator_test.lua */,
				3668C9AE0EAFE02200D0A0F2 /* navigator.h */,
				3668C9AF0EAFE02200D0A0F2 /* navigator.m */,
			);
			name = midi;
			sourceTree = "<group>";
		};
		1AB674ADFE9D54B511CA2CBB /* Products */ = {
			isa = PBXGroup;
			children = (
				D2AAC0630554660B00DB518D /* navigator.so */,
			);
			name = Products;
			sourceTree = "<group>";
		};
/* End PBXGroup section */

/* Begin PBXNativeTarget section */
		D2AAC0620554660B00DB518D /* navigator */ = {
			isa = PBXNativeTarget;
			buildConfigurationList = 1DEB914A08733D8E0010E9CD /* Build configuration list for PBXNativeTarget "navigator" */;
			buildPhases = (
				D2AAC0610554660B00DB518D /* Sources */,
				D289988505E68E00004EDB86 /* Frameworks */,
				36AD7A510D9C3A61006F2735 /* CopyFiles */,
			);
			buildRules = (
			);
			dependencies = (
			);
			name = navigator;
			productName = midi;
			productReference = D2AAC0630554660B00DB518D /* navigator.so */;
			productType = "com.apple.product-type.library.dynamic";
		};
/* End PBXNativeTarget section */

/* Begin PBXProject section */
		08FB7793FE84155DC02AAC07 /* Project object */ = {
			isa = PBXProject;
			buildConfigurationList = 1DEB914E08733D8E0010E9CD /* Build configuration list for PBXProject "navigator" */;
			compatibilityVersion = "Xcode 2.4";
			developmentRegion = English;
			hasScannedForEncodings = 1;
			knownRegions = (
				English,
				Japanese,
				French,
				German,
			);
			mainGroup = 08FB7794FE84155DC02AAC07 /* midi */;
			projectDirPath = "";
			projectRoot = "";
			targets = (
				D2AAC0620554660B00DB518D /* navigator */,
			);
		};
/* End PBXProject section */

/* Begin PBXSourcesBuildPhase section */
		D2AAC0610554660B00DB518D /* Sources */ = {
			isa = PBXSourcesBuildPhase;
			buildActionMask = 2147483647;
			files = (
				3668C9B10EAFE02200D0A0F2 /* navigator.m in Sources */,
			);
			runOnlyForDeploymentPostprocessing = 0;
		};
/* End PBXSourcesBuildPhase section */

/* Begin XCBuildConfiguration section */
		1DEB914B08733D8E0010E9CD /* Debug */ = {
			isa = XCBuildConfiguration;
			buildSettings = {
				ARCHS = "$(NATIVE_ARCH_32_BIT)";
				COPY_PHASE_STRIP = NO;
				DEPLOYMENT_LOCATION = YES;
				DSTROOT = /;
				DYLIB_COMPATIBILITY_VERSION = "";
				DYLIB_CURRENT_VERSION = "";
				EXECUTABLE_EXTENSION = so;
				EXECUTABLE_PREFIX = "";
				FRAMEWORK_SEARCH_PATHS = /Library/Frameworks;
				GCC_DYNAMIC_NO_PIC = NO;
				GCC_ENABLE_FIX_AND_CONTINUE = YES;
				GCC_MODEL_TUNING = G5;
				GCC_OPTIMIZATION_LEVEL = 0;
				GENERATE_MASTER_OBJECT_FILE = YES;
				HEADER_SEARCH_PATHS = "";
				INSTALL_PATH = "$(PROJECT_DIR)/../../sysbuild/$(CONFIGURATION)/modules";
				MACH_O_TYPE = mh_bundle;
				MACOSX_DEPLOYMENT_TARGET = 10.4;
				OTHER_CFLAGS = (
					"-D__MACOSX_CORE__",
					"-no-cpp-precomp",
				);
				OTHER_LDFLAGS = (
					"-undefined",
					dynamic_lookup,
				);
				PRODUCT_NAME = navigator;
				SCAN_ALL_SOURCE_FILES_FOR_INCLUDES = YES;
				SDKROOT = /Developer/SDKs/MacOSX10.5.sdk;
				SHARED_PRECOMPS_DIR = "";
				STRIP_STYLE = "non-global";
				USER_HEADER_SEARCH_PATHS = /usr/local/include;
				ZERO_LINK = YES;
			};
			name = Debug;
		};
		1DEB914C08733D8E0010E9CD /* Release */ = {
			isa = XCBuildConfiguration;
			buildSettings = {
				ARCHS = "$(NATIVE_ARCH_32_BIT)";
				DEPLOYMENT_LOCATION = YES;
				DSTROOT = /;
				DYLIB_COMPATIBILITY_VERSION = "";
				DYLIB_CURRENT_VERSION = "";
				EXECUTABLE_EXTENSION = so;
				EXECUTABLE_PREFIX = "";
				FRAMEWORK_SEARCH_PATHS = /Library/Frameworks;
				GCC_GENERATE_DEBUGGING_SYMBOLS = NO;
				GCC_MODEL_TUNING = G5;
				GENERATE_MASTER_OBJECT_FILE = YES;
				HEADER_SEARCH_PATHS = "";
				INSTALL_PATH = "$(PROJECT_DIR)/../../sysbuild/$(CONFIGURATION)/modules";
				MACH_O_TYPE = mh_bundle;
				MACOSX_DEPLOYMENT_TARGET = 10.4;
				OTHER_CFLAGS = (
					"-D__MACOSX_CORE__",
					"-no-cpp-precomp",
				);
				OTHER_LDFLAGS = (
					"-undefined",
					dynamic_lookup,
				);
				PRODUCT_NAME = navigator;
				SCAN_ALL_SOURCE_FILES_FOR_INCLUDES = YES;
				SDKROOT = /Developer/SDKs/MacOSX10.5.sdk;
				SHARED_PRECOMPS_DIR = "";
				STRIP_STYLE = "non-global";
				USER_HEADER_SEARCH_PATHS = /usr/local/include;
			};
			name = Release;
		};
		1DEB914F08733D8E0010E9CD /* Debug */ = {
			isa = XCBuildConfiguration;
			buildSettings = {
				GCC_WARN_ABOUT_RETURN_TYPE = YES;
				GCC_WARN_UNUSED_VARIABLE = YES;
				PREBINDING = NO;
				SDKROOT = /Developer/SDKs/MacOSX10.4u.sdk;
			};
			name = Debug;
		};
		1DEB915008733D8E0010E9CD /* Release */ = {
			isa = XCBuildConfiguration;
			buildSettings = {
				GCC_WARN_ABOUT_RETURN_TYPE = YES;
				GCC_WARN_UNUSED_VARIABLE = YES;
				PREBINDING = NO;
				SDKROOT = /Developer/SDKs/MacOSX10.4u.sdk;
			};
			name = Release;
		};
/* End XCBuildConfiguration section */

/* Begin XCConfigurationList section */
		1DEB914A08733D8E0010E9CD /* Build configuration list for PBXNativeTarget "navigator" */ = {
			isa = XCConfigurationList;
			buildConfigurations = (
				1DEB914B08733D8E0010E9CD /* Debug */,
				1DEB914C08733D8E0010E9CD /* Release */,
			);
			defaultConfigurationIsVisible = 0;
			defaultConfigurationName = Release;
		};
		1DEB914E08733D8E0010E9CD /* Build configuration list for PBXProject "navigator" */ = {
			isa = XCConfigurationList;
			buildConfigurations = (
				1DEB914F08733D8E0010E9CD /* Debug */,
				1DEB915008733D8E0010E9CD /* Release */,
			);
			defaultConfigurationIsVisible = 0;
			defaultConfigurationName = Release;
		};
/* End XCConfigurationList section */
	};
	rootObject = 08FB7793FE84155DC02AAC07 /* Project object */;
}
