// !$*UTF8*$!
{
	archiveVersion = 1;
	classes = {
	};
	objectVersion = 42;
	objects = {

/* Begin PBXAggregateTarget section */
		B9347F7310D81076001E2DF3 /* socket */ = {
			isa = PBXAggregateTarget;
			buildConfigurationList = B9347F7C10D81085001E2DF3 /* Build configuration list for PBXAggregateTarget "socket" */;
			buildPhases = (
			);
			dependencies = (
				B9347F7910D8107D001E2DF3 /* PBXTargetDependency */,
				B9347F7710D8107C001E2DF3 /* PBXTargetDependency */,
			);
			name = socket;
			productName = socket;
		};
/* End PBXAggregateTarget section */

/* Begin PBXBuildFile section */
		B9733FBF0FA916F000FA338A /* auxiliar.c in Sources */ = {isa = PBXBuildFile; fileRef = B9733F970FA916F000FA338A /* auxiliar.c */; };
		B9733FC00FA916F000FA338A /* auxiliar.h in Headers */ = {isa = PBXBuildFile; fileRef = B9733F980FA916F000FA338A /* auxiliar.h */; };
		B9733FC10FA916F000FA338A /* buffer.c in Sources */ = {isa = PBXBuildFile; fileRef = B9733F990FA916F000FA338A /* buffer.c */; };
		B9733FC20FA916F000FA338A /* buffer.h in Headers */ = {isa = PBXBuildFile; fileRef = B9733F9A0FA916F000FA338A /* buffer.h */; };
		B9733FC30FA916F000FA338A /* except.c in Sources */ = {isa = PBXBuildFile; fileRef = B9733F9B0FA916F000FA338A /* except.c */; };
		B9733FC40FA916F000FA338A /* except.h in Headers */ = {isa = PBXBuildFile; fileRef = B9733F9C0FA916F000FA338A /* except.h */; };
		B9733FC70FA916F000FA338A /* inet.c in Sources */ = {isa = PBXBuildFile; fileRef = B9733F9F0FA916F000FA338A /* inet.c */; };
		B9733FC80FA916F000FA338A /* inet.h in Headers */ = {isa = PBXBuildFile; fileRef = B9733FA00FA916F000FA338A /* inet.h */; };
		B9733FC90FA916F000FA338A /* io.c in Sources */ = {isa = PBXBuildFile; fileRef = B9733FA10FA916F000FA338A /* io.c */; };
		B9733FCA0FA916F000FA338A /* io.h in Headers */ = {isa = PBXBuildFile; fileRef = B9733FA20FA916F000FA338A /* io.h */; };
		B9733FCC0FA916F000FA338A /* luasocket.c in Sources */ = {isa = PBXBuildFile; fileRef = B9733FA40FA916F000FA338A /* luasocket.c */; };
		B9733FCD0FA916F000FA338A /* luasocket.h in Headers */ = {isa = PBXBuildFile; fileRef = B9733FA50FA916F000FA338A /* luasocket.h */; };
		B9733FD00FA916F000FA338A /* mime.h in Headers */ = {isa = PBXBuildFile; fileRef = B9733FA80FA916F000FA338A /* mime.h */; };
		B9733FD20FA916F000FA338A /* options.c in Sources */ = {isa = PBXBuildFile; fileRef = B9733FAA0FA916F000FA338A /* options.c */; };
		B9733FD30FA916F000FA338A /* options.h in Headers */ = {isa = PBXBuildFile; fileRef = B9733FAB0FA916F000FA338A /* options.h */; };
		B9733FD40FA916F000FA338A /* select.c in Sources */ = {isa = PBXBuildFile; fileRef = B9733FAC0FA916F000FA338A /* select.c */; };
		B9733FD50FA916F000FA338A /* select.h in Headers */ = {isa = PBXBuildFile; fileRef = B9733FAD0FA916F000FA338A /* select.h */; };
		B9733FD70FA916F000FA338A /* socket.h in Headers */ = {isa = PBXBuildFile; fileRef = B9733FAF0FA916F000FA338A /* socket.h */; };
		B9733FD90FA916F000FA338A /* tcp.c in Sources */ = {isa = PBXBuildFile; fileRef = B9733FB10FA916F000FA338A /* tcp.c */; };
		B9733FDA0FA916F000FA338A /* tcp.h in Headers */ = {isa = PBXBuildFile; fileRef = B9733FB20FA916F000FA338A /* tcp.h */; };
		B9733FDB0FA916F000FA338A /* timeout.c in Sources */ = {isa = PBXBuildFile; fileRef = B9733FB30FA916F000FA338A /* timeout.c */; };
		B9733FDC0FA916F000FA338A /* timeout.h in Headers */ = {isa = PBXBuildFile; fileRef = B9733FB40FA916F000FA338A /* timeout.h */; };
		B9733FDE0FA916F000FA338A /* udp.c in Sources */ = {isa = PBXBuildFile; fileRef = B9733FB60FA916F000FA338A /* udp.c */; };
		B9733FDF0FA916F000FA338A /* udp.h in Headers */ = {isa = PBXBuildFile; fileRef = B9733FB70FA916F000FA338A /* udp.h */; };
		B9733FE00FA916F000FA338A /* unix.c in Sources */ = {isa = PBXBuildFile; fileRef = B9733FB80FA916F000FA338A /* unix.c */; };
		B9733FE10FA916F000FA338A /* unix.h in Headers */ = {isa = PBXBuildFile; fileRef = B9733FB90FA916F000FA338A /* unix.h */; };
		B9733FE30FA916F000FA338A /* usocket.c in Sources */ = {isa = PBXBuildFile; fileRef = B9733FBB0FA916F000FA338A /* usocket.c */; };
		B9733FE40FA916F000FA338A /* usocket.h in Headers */ = {isa = PBXBuildFile; fileRef = B9733FBC0FA916F000FA338A /* usocket.h */; };
		B973403C0FA91AB200FA338A /* mime.c in Sources */ = {isa = PBXBuildFile; fileRef = B9733FA70FA916F000FA338A /* mime.c */; };
/* End PBXBuildFile section */

/* Begin PBXContainerItemProxy section */
		B9347F7610D8107C001E2DF3 /* PBXContainerItemProxy */ = {
			isa = PBXContainerItemProxy;
			containerPortal = 29B97313FDCFA39411CA2CEA /* Project object */;
			proxyType = 1;
			remoteGlobalIDString = B97340160FA91A8D00FA338A;
			remoteInfo = mime.core;
		};
		B9347F7810D8107D001E2DF3 /* PBXContainerItemProxy */ = {
			isa = PBXContainerItemProxy;
			containerPortal = 29B97313FDCFA39411CA2CEA /* Project object */;
			proxyType = 1;
			remoteGlobalIDString = 36C2AEF10CD7A2DB0054F99E;
			remoteInfo = socket.core;
		};
/* End PBXContainerItemProxy section */

/* Begin PBXFileReference section */
		36C2AEF20CD7A2DB0054F99E /* core.so */ = {isa = PBXFileReference; explicitFileType = "compiled.mach-o.dylib"; includeInIndex = 0; path = core.so; sourceTree = BUILT_PRODUCTS_DIR; };
		B9733F970FA916F000FA338A /* auxiliar.c */ = {isa = PBXFileReference; fileEncoding = 4; lastKnownFileType = sourcecode.c.c; name = auxiliar.c; path = ../src/auxiliar.c; sourceTree = SOURCE_ROOT; };
		B9733F980FA916F000FA338A /* auxiliar.h */ = {isa = PBXFileReference; fileEncoding = 4; lastKnownFileType = sourcecode.c.h; name = auxiliar.h; path = ../src/auxiliar.h; sourceTree = SOURCE_ROOT; };
		B9733F990FA916F000FA338A /* buffer.c */ = {isa = PBXFileReference; fileEncoding = 4; lastKnownFileType = sourcecode.c.c; name = buffer.c; path = ../src/buffer.c; sourceTree = SOURCE_ROOT; };
		B9733F9A0FA916F000FA338A /* buffer.h */ = {isa = PBXFileReference; fileEncoding = 4; lastKnownFileType = sourcecode.c.h; name = buffer.h; path = ../src/buffer.h; sourceTree = SOURCE_ROOT; };
		B9733F9B0FA916F000FA338A /* except.c */ = {isa = PBXFileReference; fileEncoding = 4; lastKnownFileType = sourcecode.c.c; name = except.c; path = ../src/except.c; sourceTree = SOURCE_ROOT; };
		B9733F9C0FA916F000FA338A /* except.h */ = {isa = PBXFileReference; fileEncoding = 4; lastKnownFileType = sourcecode.c.h; name = except.h; path = ../src/except.h; sourceTree = SOURCE_ROOT; };
		B9733F9F0FA916F000FA338A /* inet.c */ = {isa = PBXFileReference; fileEncoding = 4; lastKnownFileType = sourcecode.c.c; name = inet.c; path = ../src/inet.c; sourceTree = SOURCE_ROOT; };
		B9733FA00FA916F000FA338A /* inet.h */ = {isa = PBXFileReference; fileEncoding = 4; lastKnownFileType = sourcecode.c.h; name = inet.h; path = ../src/inet.h; sourceTree = SOURCE_ROOT; };
		B9733FA10FA916F000FA338A /* io.c */ = {isa = PBXFileReference; fileEncoding = 4; lastKnownFileType = sourcecode.c.c; name = io.c; path = ../src/io.c; sourceTree = SOURCE_ROOT; };
		B9733FA20FA916F000FA338A /* io.h */ = {isa = PBXFileReference; fileEncoding = 4; lastKnownFileType = sourcecode.c.h; name = io.h; path = ../src/io.h; sourceTree = SOURCE_ROOT; };
		B9733FA40FA916F000FA338A /* luasocket.c */ = {isa = PBXFileReference; fileEncoding = 4; lastKnownFileType = sourcecode.c.c; name = luasocket.c; path = ../src/luasocket.c; sourceTree = SOURCE_ROOT; };
		B9733FA50FA916F000FA338A /* luasocket.h */ = {isa = PBXFileReference; fileEncoding = 4; lastKnownFileType = sourcecode.c.h; name = luasocket.h; path = ../src/luasocket.h; sourceTree = SOURCE_ROOT; };
		B9733FA70FA916F000FA338A /* mime.c */ = {isa = PBXFileReference; fileEncoding = 4; lastKnownFileType = sourcecode.c.c; name = mime.c; path = ../src/mime.c; sourceTree = SOURCE_ROOT; };
		B9733FA80FA916F000FA338A /* mime.h */ = {isa = PBXFileReference; fileEncoding = 4; lastKnownFileType = sourcecode.c.h; name = mime.h; path = ../src/mime.h; sourceTree = SOURCE_ROOT; };
		B9733FAA0FA916F000FA338A /* options.c */ = {isa = PBXFileReference; fileEncoding = 4; lastKnownFileType = sourcecode.c.c; name = options.c; path = ../src/options.c; sourceTree = SOURCE_ROOT; };
		B9733FAB0FA916F000FA338A /* options.h */ = {isa = PBXFileReference; fileEncoding = 4; lastKnownFileType = sourcecode.c.h; name = options.h; path = ../src/options.h; sourceTree = SOURCE_ROOT; };
		B9733FAC0FA916F000FA338A /* select.c */ = {isa = PBXFileReference; fileEncoding = 4; lastKnownFileType = sourcecode.c.c; name = select.c; path = ../src/select.c; sourceTree = SOURCE_ROOT; };
		B9733FAD0FA916F000FA338A /* select.h */ = {isa = PBXFileReference; fileEncoding = 4; lastKnownFileType = sourcecode.c.h; name = select.h; path = ../src/select.h; sourceTree = SOURCE_ROOT; };
		B9733FAF0FA916F000FA338A /* socket.h */ = {isa = PBXFileReference; fileEncoding = 4; lastKnownFileType = sourcecode.c.h; name = socket.h; path = ../src/socket.h; sourceTree = SOURCE_ROOT; };
		B9733FB10FA916F000FA338A /* tcp.c */ = {isa = PBXFileReference; fileEncoding = 4; lastKnownFileType = sourcecode.c.c; name = tcp.c; path = ../src/tcp.c; sourceTree = SOURCE_ROOT; };
		B9733FB20FA916F000FA338A /* tcp.h */ = {isa = PBXFileReference; fileEncoding = 4; lastKnownFileType = sourcecode.c.h; name = tcp.h; path = ../src/tcp.h; sourceTree = SOURCE_ROOT; };
		B9733FB30FA916F000FA338A /* timeout.c */ = {isa = PBXFileReference; fileEncoding = 4; lastKnownFileType = sourcecode.c.c; name = timeout.c; path = ../src/timeout.c; sourceTree = SOURCE_ROOT; };
		B9733FB40FA916F000FA338A /* timeout.h */ = {isa = PBXFileReference; fileEncoding = 4; lastKnownFileType = sourcecode.c.h; name = timeout.h; path = ../src/timeout.h; sourceTree = SOURCE_ROOT; };
		B9733FB60FA916F000FA338A /* udp.c */ = {isa = PBXFileReference; fileEncoding = 4; lastKnownFileType = sourcecode.c.c; name = udp.c; path = ../src/udp.c; sourceTree = SOURCE_ROOT; };
		B9733FB70FA916F000FA338A /* udp.h */ = {isa = PBXFileReference; fileEncoding = 4; lastKnownFileType = sourcecode.c.h; name = udp.h; path = ../src/udp.h; sourceTree = SOURCE_ROOT; };
		B9733FB80FA916F000FA338A /* unix.c */ = {isa = PBXFileReference; fileEncoding = 4; lastKnownFileType = sourcecode.c.c; name = unix.c; path = ../src/unix.c; sourceTree = SOURCE_ROOT; };
		B9733FB90FA916F000FA338A /* unix.h */ = {isa = PBXFileReference; fileEncoding = 4; lastKnownFileType = sourcecode.c.h; name = unix.h; path = ../src/unix.h; sourceTree = SOURCE_ROOT; };
		B9733FBB0FA916F000FA338A /* usocket.c */ = {isa = PBXFileReference; fileEncoding = 4; lastKnownFileType = sourcecode.c.c; name = usocket.c; path = ../src/usocket.c; sourceTree = SOURCE_ROOT; };
		B9733FBC0FA916F000FA338A /* usocket.h */ = {isa = PBXFileReference; fileEncoding = 4; lastKnownFileType = sourcecode.c.h; name = usocket.h; path = ../src/usocket.h; sourceTree = SOURCE_ROOT; };
		B973403B0FA91A8D00FA338A /* core.so */ = {isa = PBXFileReference; explicitFileType = "compiled.mach-o.dylib"; includeInIndex = 0; path = core.so; sourceTree = BUILT_PRODUCTS_DIR; };
/* End PBXFileReference section */

/* Begin PBXFrameworksBuildPhase section */
		36C2AEF00CD7A2DB0054F99E /* Frameworks */ = {
			isa = PBXFrameworksBuildPhase;
			buildActionMask = 2147483647;
			files = (
			);
			runOnlyForDeploymentPostprocessing = 0;
		};
		B97340360FA91A8D00FA338A /* Frameworks */ = {
			isa = PBXFrameworksBuildPhase;
			buildActionMask = 2147483647;
			files = (
			);
			runOnlyForDeploymentPostprocessing = 0;
		};
/* End PBXFrameworksBuildPhase section */

/* Begin PBXGroup section */
		19C28FACFE9D520D11CA2CBB /* Products */ = {
			isa = PBXGroup;
			children = (
				36C2AEF20CD7A2DB0054F99E /* core.so */,
				B973403B0FA91A8D00FA338A /* core.so */,
			);
			name = Products;
			sourceTree = "<group>";
		};
		29B97314FDCFA39411CA2CEA /* cocoa_ogl */ = {
			isa = PBXGroup;
			children = (
				B9733EDB0FA909AA00FA338A /* src */,
				19C28FACFE9D520D11CA2CBB /* Products */,
			);
			name = cocoa_ogl;
			sourceTree = "<group>";
		};
		B9733EDB0FA909AA00FA338A /* src */ = {
			isa = PBXGroup;
			children = (
				B9733F970FA916F000FA338A /* auxiliar.c */,
				B9733F980FA916F000FA338A /* auxiliar.h */,
				B9733F990FA916F000FA338A /* buffer.c */,
				B9733F9A0FA916F000FA338A /* buffer.h */,
				B9733F9B0FA916F000FA338A /* except.c */,
				B9733F9C0FA916F000FA338A /* except.h */,
				B9733F9F0FA916F000FA338A /* inet.c */,
				B9733FA00FA916F000FA338A /* inet.h */,
				B9733FA10FA916F000FA338A /* io.c */,
				B9733FA20FA916F000FA338A /* io.h */,
				B9733FA40FA916F000FA338A /* luasocket.c */,
				B9733FA50FA916F000FA338A /* luasocket.h */,
				B9733FA70FA916F000FA338A /* mime.c */,
				B9733FA80FA916F000FA338A /* mime.h */,
				B9733FAA0FA916F000FA338A /* options.c */,
				B9733FAB0FA916F000FA338A /* options.h */,
				B9733FAC0FA916F000FA338A /* select.c */,
				B9733FAD0FA916F000FA338A /* select.h */,
				B9733FAF0FA916F000FA338A /* socket.h */,
				B9733FB10FA916F000FA338A /* tcp.c */,
				B9733FB20FA916F000FA338A /* tcp.h */,
				B9733FB30FA916F000FA338A /* timeout.c */,
				B9733FB40FA916F000FA338A /* timeout.h */,
				B9733FB60FA916F000FA338A /* udp.c */,
				B9733FB70FA916F000FA338A /* udp.h */,
				B9733FB80FA916F000FA338A /* unix.c */,
				B9733FB90FA916F000FA338A /* unix.h */,
				B9733FBB0FA916F000FA338A /* usocket.c */,
				B9733FBC0FA916F000FA338A /* usocket.h */,
			);
			name = src;
			sourceTree = "<group>";
		};
/* End PBXGroup section */

/* Begin PBXHeadersBuildPhase section */
		36C2AEEE0CD7A2DB0054F99E /* Headers */ = {
			isa = PBXHeadersBuildPhase;
			buildActionMask = 2147483647;
			files = (
				B9733FC00FA916F000FA338A /* auxiliar.h in Headers */,
				B9733FC20FA916F000FA338A /* buffer.h in Headers */,
				B9733FC40FA916F000FA338A /* except.h in Headers */,
				B9733FC80FA916F000FA338A /* inet.h in Headers */,
				B9733FCA0FA916F000FA338A /* io.h in Headers */,
				B9733FCD0FA916F000FA338A /* luasocket.h in Headers */,
				B9733FD00FA916F000FA338A /* mime.h in Headers */,
				B9733FD30FA916F000FA338A /* options.h in Headers */,
				B9733FD50FA916F000FA338A /* select.h in Headers */,
				B9733FD70FA916F000FA338A /* socket.h in Headers */,
				B9733FDA0FA916F000FA338A /* tcp.h in Headers */,
				B9733FDC0FA916F000FA338A /* timeout.h in Headers */,
				B9733FDF0FA916F000FA338A /* udp.h in Headers */,
				B9733FE10FA916F000FA338A /* unix.h in Headers */,
				B9733FE40FA916F000FA338A /* usocket.h in Headers */,
			);
			runOnlyForDeploymentPostprocessing = 0;
		};
		B97340170FA91A8D00FA338A /* Headers */ = {
			isa = PBXHeadersBuildPhase;
			buildActionMask = 2147483647;
			files = (
			);
			runOnlyForDeploymentPostprocessing = 0;
		};
/* End PBXHeadersBuildPhase section */

/* Begin PBXNativeTarget section */
		36C2AEF10CD7A2DB0054F99E /* socket.core */ = {
			isa = PBXNativeTarget;
			buildConfigurationList = 36C2AF000CD7A2EB0054F99E /* Build configuration list for PBXNativeTarget "socket.core" */;
			buildPhases = (
				36C2AEEE0CD7A2DB0054F99E /* Headers */,
				36C2AEEF0CD7A2DB0054F99E /* Sources */,
				36C2AEF00CD7A2DB0054F99E /* Frameworks */,
				B9733F7E0FA90D6700FA338A /* ShellScript */,
			);
			buildRules = (
			);
			dependencies = (
			);
			name = socket.core;
			productName = testmod2;
			productReference = 36C2AEF20CD7A2DB0054F99E /* core.so */;
			productType = "com.apple.product-type.library.dynamic";
		};
		B97340160FA91A8D00FA338A /* mime.core */ = {
			isa = PBXNativeTarget;
			buildConfigurationList = B97340380FA91A8D00FA338A /* Build configuration list for PBXNativeTarget "mime.core" */;
			buildPhases = (
				B97340170FA91A8D00FA338A /* Headers */,
				B97340270FA91A8D00FA338A /* Sources */,
				B97340360FA91A8D00FA338A /* Frameworks */,
				B97340370FA91A8D00FA338A /* ShellScript */,
			);
			buildRules = (
			);
			dependencies = (
			);
			name = mime.core;
			productName = testmod2;
			productReference = B973403B0FA91A8D00FA338A /* core.so */;
			productType = "com.apple.product-type.library.dynamic";
		};
/* End PBXNativeTarget section */

/* Begin PBXProject section */
		29B97313FDCFA39411CA2CEA /* Project object */ = {
			isa = PBXProject;
			buildConfigurationList = C01FCF4E08A954540054247B /* Build configuration list for PBXProject "socket" */;
			compatibilityVersion = "Xcode 2.4";
			hasScannedForEncodings = 1;
			mainGroup = 29B97314FDCFA39411CA2CEA /* cocoa_ogl */;
			projectDirPath = "";
			projectRoot = "";
			targets = (
				36C2AEF10CD7A2DB0054F99E /* socket.core */,
				B97340160FA91A8D00FA338A /* mime.core */,
				B9347F7310D81076001E2DF3 /* socket */,
			);
		};
/* End PBXProject section */

/* Begin PBXShellScriptBuildPhase section */
		B9733F7E0FA90D6700FA338A /* ShellScript */ = {
			isa = PBXShellScriptBuildPhase;
			buildActionMask = 2147483647;
			files = (
			);
			inputPaths = (
			);
			outputPaths = (
			);
			runOnlyForDeploymentPostprocessing = 0;
			shellPath = /bin/sh;
			shellScript = "if [ -d $PROJECT_DIR/../../../sysbuild/$CONFIGURATION/modules/socket ]\nthen\n    echo exists\nelse\n\tmkdir $PROJECT_DIR/../../../sysbuild/$CONFIGURATION/modules/socket\nfi\ncp $PROJECT_DIR/../src/ftp.lua $PROJECT_DIR/../../../sysbuild/$CONFIGURATION/modules/socket\ncp $PROJECT_DIR/../src/http.lua $PROJECT_DIR/../../../sysbuild/$CONFIGURATION/modules/socket\ncp $PROJECT_DIR/../src/http.lua $PROJECT_DIR/../../../sysbuild/$CONFIGURATION/modules/socket\ncp $PROJECT_DIR/../src/ltn12.lua $PROJECT_DIR/../../../sysbuild/$CONFIGURATION/modules\ncp $PROJECT_DIR/../src/mime.lua $PROJECT_DIR/../../../sysbuild/$CONFIGURATION/modules\ncp $PROJECT_DIR/../src/smtp.lua $PROJECT_DIR/../../../sysbuild/$CONFIGURATION/modules/socket\ncp $PROJECT_DIR/../src/socket.lua $PROJECT_DIR/../../../sysbuild/$CONFIGURATION/modules\ncp $PROJECT_DIR/../src/tp.lua $PROJECT_DIR/../../../sysbuild/$CONFIGURATION/modules/socket\ncp $PROJECT_DIR/../src/url.lua $PROJECT_DIR/../../../sysbuild/$CONFIGURATION/modules/socket\n\n";
		};
		B97340370FA91A8D00FA338A /* ShellScript */ = {
			isa = PBXShellScriptBuildPhase;
			buildActionMask = 2147483647;
			files = (
			);
			inputPaths = (
			);
			outputPaths = (
			);
			runOnlyForDeploymentPostprocessing = 0;
			shellPath = /bin/sh;
			shellScript = "cp $PROJECT_DIR/../src/mime.lua $PROJECT_DIR/../../../sysbuild/$CONFIGURATION/modules";
		};
/* End PBXShellScriptBuildPhase section */

/* Begin PBXSourcesBuildPhase section */
		36C2AEEF0CD7A2DB0054F99E /* Sources */ = {
			isa = PBXSourcesBuildPhase;
			buildActionMask = 2147483647;
			files = (
				B9733FBF0FA916F000FA338A /* auxiliar.c in Sources */,
				B9733FC10FA916F000FA338A /* buffer.c in Sources */,
				B9733FC30FA916F000FA338A /* except.c in Sources */,
				B9733FC70FA916F000FA338A /* inet.c in Sources */,
				B9733FC90FA916F000FA338A /* io.c in Sources */,
				B9733FCC0FA916F000FA338A /* luasocket.c in Sources */,
				B9733FD20FA916F000FA338A /* options.c in Sources */,
				B9733FD40FA916F000FA338A /* select.c in Sources */,
				B9733FD90FA916F000FA338A /* tcp.c in Sources */,
				B9733FDB0FA916F000FA338A /* timeout.c in Sources */,
				B9733FDE0FA916F000FA338A /* udp.c in Sources */,
				B9733FE00FA916F000FA338A /* unix.c in Sources */,
				B9733FE30FA916F000FA338A /* usocket.c in Sources */,
			);
			runOnlyForDeploymentPostprocessing = 0;
		};
		B97340270FA91A8D00FA338A /* Sources */ = {
			isa = PBXSourcesBuildPhase;
			buildActionMask = 2147483647;
			files = (
				B973403C0FA91AB200FA338A /* mime.c in Sources */,
			);
			runOnlyForDeploymentPostprocessing = 0;
		};
/* End PBXSourcesBuildPhase section */

/* Begin PBXTargetDependency section */
		B9347F7710D8107C001E2DF3 /* PBXTargetDependency */ = {
			isa = PBXTargetDependency;
			target = B97340160FA91A8D00FA338A /* mime.core */;
			targetProxy = B9347F7610D8107C001E2DF3 /* PBXContainerItemProxy */;
		};
		B9347F7910D8107D001E2DF3 /* PBXTargetDependency */ = {
			isa = PBXTargetDependency;
			target = 36C2AEF10CD7A2DB0054F99E /* socket.core */;
			targetProxy = B9347F7810D8107D001E2DF3 /* PBXContainerItemProxy */;
		};
/* End PBXTargetDependency section */

/* Begin XCBuildConfiguration section */
		36C2AF010CD7A2EB0054F99E /* Debug */ = {
			isa = XCBuildConfiguration;
			buildSettings = {
				ARCHS = "$(NATIVE_ARCH_32_BIT)";
				COPY_PHASE_STRIP = NO;
				DEPLOYMENT_LOCATION = YES;
				DSTROOT = /;
				DYLIB_COMPATIBILITY_VERSION = "";
				DYLIB_CURRENT_VERSION = "";
				EXECUTABLE_EXTENSION = so;
				EXECUTABLE_PREFIX = "";
				FRAMEWORK_SEARCH_PATHS = /Library/Frameworks;
				GCC_DYNAMIC_NO_PIC = NO;
				GCC_ENABLE_FIX_AND_CONTINUE = YES;
				GCC_GENERATE_DEBUGGING_SYMBOLS = YES;
				GCC_MODEL_TUNING = G5;
				GCC_OPTIMIZATION_LEVEL = 0;
				GENERATE_MASTER_OBJECT_FILE = YES;
				HEADER_SEARCH_PATHS = /Library/Frameworks/LuaAV.framework/Headers/;
				INSTALL_PATH = "$(PROJECT_DIR)/../../../sysbuild/$(CONFIGURATION)/modules/socket";
				MACH_O_TYPE = mh_bundle;
				MACOSX_DEPLOYMENT_TARGET = 10.4;
				OTHER_LDFLAGS = (
					"-undefined",
					dynamic_lookup,
				);
				PREBINDING = NO;
				PRODUCT_NAME = core;
				SCAN_ALL_SOURCE_FILES_FOR_INCLUDES = YES;
				SDKROOT = /Developer/SDKs/MacOSX10.5.sdk;
				SHARED_PRECOMPS_DIR = "";
				STRIP_STYLE = "non-global";
				USER_HEADER_SEARCH_PATHS = "$(SRCROOT)/../../../dev_osx/include";
				ZERO_LINK = YES;
			};
			name = Debug;
		};
		36C2AF020CD7A2EB0054F99E /* Release */ = {
			isa = XCBuildConfiguration;
			buildSettings = {
				ARCHS = "$(NATIVE_ARCH_32_BIT)";
				COPY_PHASE_STRIP = YES;
				DEPLOYMENT_LOCATION = YES;
				DSTROOT = /;
				DYLIB_COMPATIBILITY_VERSION = "";
				DYLIB_CURRENT_VERSION = "";
				EXECUTABLE_EXTENSION = so;
				EXECUTABLE_PREFIX = "";
				FRAMEWORK_SEARCH_PATHS = /Library/Frameworks;
				GCC_ENABLE_FIX_AND_CONTINUE = NO;
				GCC_GENERATE_DEBUGGING_SYMBOLS = NO;
				GCC_MODEL_TUNING = G5;
				GENERATE_MASTER_OBJECT_FILE = YES;
				HEADER_SEARCH_PATHS = /Library/Frameworks/LuaAV.framework/Headers/;
				INSTALL_PATH = "$(PROJECT_DIR)/../../../sysbuild/$(CONFIGURATION)/modules/socket";
				MACH_O_TYPE = mh_bundle;
				MACOSX_DEPLOYMENT_TARGET = 10.4;
				OTHER_LDFLAGS = (
					"-undefined",
					dynamic_lookup,
				);
				PREBINDING = NO;
				PRODUCT_NAME = core;
				SCAN_ALL_SOURCE_FILES_FOR_INCLUDES = YES;
				SDKROOT = /Developer/SDKs/MacOSX10.5.sdk;
				SHARED_PRECOMPS_DIR = "";
				STRIP_STYLE = "non-global";
				USER_HEADER_SEARCH_PATHS = "$(SRCROOT)/../../../dev_osx/include";
				ZERO_LINK = NO;
			};
			name = Release;
		};
		B9347F7410D81076001E2DF3 /* Debug */ = {
			isa = XCBuildConfiguration;
			buildSettings = {
				COPY_PHASE_STRIP = NO;
				GCC_DYNAMIC_NO_PIC = NO;
				GCC_OPTIMIZATION_LEVEL = 0;
				PRODUCT_NAME = socket;
			};
			name = Debug;
		};
		B9347F7510D81076001E2DF3 /* Release */ = {
			isa = XCBuildConfiguration;
			buildSettings = {
				COPY_PHASE_STRIP = YES;
				DEBUG_INFORMATION_FORMAT = "dwarf-with-dsym";
				GCC_ENABLE_FIX_AND_CONTINUE = NO;
				PRODUCT_NAME = socket;
				ZERO_LINK = NO;
			};
			name = Release;
		};
		B97340390FA91A8D00FA338A /* Debug */ = {
			isa = XCBuildConfiguration;
			buildSettings = {
				ARCHS = "$(NATIVE_ARCH_32_BIT)";
				COPY_PHASE_STRIP = NO;
				DEPLOYMENT_LOCATION = YES;
				DSTROOT = /;
				DYLIB_COMPATIBILITY_VERSION = "";
				DYLIB_CURRENT_VERSION = "";
				EXECUTABLE_EXTENSION = so;
				EXECUTABLE_PREFIX = "";
				FRAMEWORK_SEARCH_PATHS = /Library/Frameworks;
				GCC_DYNAMIC_NO_PIC = NO;
				GCC_ENABLE_FIX_AND_CONTINUE = YES;
				GCC_GENERATE_DEBUGGING_SYMBOLS = YES;
				GCC_MODEL_TUNING = G5;
				GCC_OPTIMIZATION_LEVEL = 0;
				GENERATE_MASTER_OBJECT_FILE = YES;
				HEADER_SEARCH_PATHS = /Library/Frameworks/LuaAV.framework/Headers/;
				INSTALL_PATH = "$(PROJECT_DIR)/../../../sysbuild/$(CONFIGURATION)/modules/mime";
				MACH_O_TYPE = mh_bundle;
				MACOSX_DEPLOYMENT_TARGET = 10.4;
				OTHER_LDFLAGS = (
					"-undefined",
					dynamic_lookup,
				);
				PREBINDING = NO;
				PRODUCT_NAME = core;
				SCAN_ALL_SOURCE_FILES_FOR_INCLUDES = YES;
				SDKROOT = /Developer/SDKs/MacOSX10.5.sdk;
				SHARED_PRECOMPS_DIR = "";
				STRIP_STYLE = "non-global";
				USER_HEADER_SEARCH_PATHS = "$(SRCROOT)/../../../dev_osx/include";
				ZERO_LINK = YES;
			};
			name = Debug;
		};
		B973403A0FA91A8D00FA338A /* Release */ = {
			isa = XCBuildConfiguration;
			buildSettings = {
				ARCHS = "$(NATIVE_ARCH_32_BIT)";
				COPY_PHASE_STRIP = YES;
				DEPLOYMENT_LOCATION = YES;
				DSTROOT = /;
				DYLIB_COMPATIBILITY_VERSION = "";
				DYLIB_CURRENT_VERSION = "";
				EXECUTABLE_EXTENSION = so;
				EXECUTABLE_PREFIX = "";
				FRAMEWORK_SEARCH_PATHS = /Library/Frameworks;
				GCC_ENABLE_FIX_AND_CONTINUE = NO;
				GCC_GENERATE_DEBUGGING_SYMBOLS = NO;
				GCC_MODEL_TUNING = G5;
				GENERATE_MASTER_OBJECT_FILE = YES;
				HEADER_SEARCH_PATHS = /Library/Frameworks/LuaAV.framework/Headers/;
				INSTALL_PATH = "$(PROJECT_DIR)/../../../sysbuild/$(CONFIGURATION)/modules/mime";
				MACH_O_TYPE = mh_bundle;
				MACOSX_DEPLOYMENT_TARGET = 10.4;
				OTHER_LDFLAGS = (
					"-undefined",
					dynamic_lookup,
				);
				PREBINDING = NO;
				PRODUCT_NAME = core;
				SCAN_ALL_SOURCE_FILES_FOR_INCLUDES = YES;
				SDKROOT = /Developer/SDKs/MacOSX10.5.sdk;
				SHARED_PRECOMPS_DIR = "";
				STRIP_STYLE = "non-global";
				USER_HEADER_SEARCH_PATHS = "$(SRCROOT)/../../../dev_osx/include";
				ZERO_LINK = NO;
			};
			name = Release;
		};
		C01FCF4F08A954540054247B /* Debug */ = {
			isa = XCBuildConfiguration;
			buildSettings = {
				GCC_WARN_ABOUT_RETURN_TYPE = YES;
				GCC_WARN_UNUSED_VARIABLE = YES;
				PREBINDING = NO;
				SDKROOT = /Developer/SDKs/MacOSX10.4u.sdk;
			};
			name = Debug;
		};
		C01FCF5008A954540054247B /* Release */ = {
			isa = XCBuildConfiguration;
			buildSettings = {
				GCC_WARN_ABOUT_RETURN_TYPE = YES;
				GCC_WARN_UNUSED_VARIABLE = YES;
				PREBINDING = NO;
				SDKROOT = /Developer/SDKs/MacOSX10.4u.sdk;
			};
			name = Release;
		};
/* End XCBuildConfiguration section */

/* Begin XCConfigurationList section */
		36C2AF000CD7A2EB0054F99E /* Build configuration list for PBXNativeTarget "socket.core" */ = {
			isa = XCConfigurationList;
			buildConfigurations = (
				36C2AF010CD7A2EB0054F99E /* Debug */,
				36C2AF020CD7A2EB0054F99E /* Release */,
			);
			defaultConfigurationIsVisible = 0;
			defaultConfigurationName = Release;
		};
		B9347F7C10D81085001E2DF3 /* Build configuration list for PBXAggregateTarget "socket" */ = {
			isa = XCConfigurationList;
			buildConfigurations = (
				B9347F7410D81076001E2DF3 /* Debug */,
				B9347F7510D81076001E2DF3 /* Release */,
			);
			defaultConfigurationIsVisible = 0;
			defaultConfigurationName = Release;
		};
		B97340380FA91A8D00FA338A /* Build configuration list for PBXNativeTarget "mime.core" */ = {
			isa = XCConfigurationList;
			buildConfigurations = (
				B97340390FA91A8D00FA338A /* Debug */,
				B973403A0FA91A8D00FA338A /* Release */,
			);
			defaultConfigurationIsVisible = 0;
			defaultConfigurationName = Release;
		};
		C01FCF4E08A954540054247B /* Build configuration list for PBXProject "socket" */ = {
			isa = XCConfigurationList;
			buildConfigurations = (
				C01FCF4F08A954540054247B /* Debug */,
				C01FCF5008A954540054247B /* Release */,
			);
			defaultConfigurationIsVisible = 0;
			defaultConfigurationName = Release;
		};
/* End XCConfigurationList section */
	};
	rootObject = 29B97313FDCFA39411CA2CEA /* Project object */;
}
