// !$*UTF8*$!
{
	archiveVersion = 1;
	classes = {
	};
	objectVersion = 42;
	objects = {

/* Begin PBXAggregateTarget section */
		B9DAE01A104C31A8000527A5 /* build */ = {
			isa = PBXAggregateTarget;
			buildConfigurationList = B9DAE022104C31DD000527A5 /* Build configuration list for PBXAggregateTarget "build" */;
			buildPhases = (
				B9DAE019104C31A8000527A5 /* ShellScript */,
			);
			dependencies = (
				B9DAE01E104C31D8000527A5 /* PBXTargetDependency */,
			);
			name = build;
			productName = build;
		};
/* End PBXAggregateTarget section */

/* Begin PBXBuildFile section */
		B9DADFBA104BB83E000527A5 /* luaFileSystem.c in Sources */ = {isa = PBXBuildFile; fileRef = B9DADFB9104BB83E000527A5 /* luaFileSystem.c */; };
/* End PBXBuildFile section */

/* Begin PBXContainerItemProxy section */
		B9DAE01D104C31D8000527A5 /* PBXContainerItemProxy */ = {
			isa = PBXContainerItemProxy;
			containerPortal = 29B97313FDCFA39411CA2CEA /* Project object */;
			proxyType = 1;
			remoteGlobalIDString = 36C2AEF10CD7A2DB0054F99E;
			remoteInfo = lfs;
		};
/* End PBXContainerItemProxy section */

/* Begin PBXFileReference section */
		36C2AEF20CD7A2DB0054F99E /* lfs.so */ = {isa = PBXFileReference; explicitFileType = "compiled.mach-o.dylib"; includeInIndex = 0; path = lfs.so; sourceTree = BUILT_PRODUCTS_DIR; };
		B9DADFB9104BB83E000527A5 /* luaFileSystem.c */ = {isa = PBXFileReference; fileEncoding = 4; lastKnownFileType = sourcecode.c.c; name = luaFileSystem.c; path = ../src/luaFileSystem.c; sourceTree = SOURCE_ROOT; };
/* End PBXFileReference section */

/* Begin PBXFrameworksBuildPhase section */
		36C2AEF00CD7A2DB0054F99E /* Frameworks */ = {
			isa = PBXFrameworksBuildPhase;
			buildActionMask = 2147483647;
			files = (
			);
			runOnlyForDeploymentPostprocessing = 0;
		};
/* End PBXFrameworksBuildPhase section */

/* Begin PBXGroup section */
		19C28FACFE9D520D11CA2CBB /* Products */ = {
			isa = PBXGroup;
			children = (
				36C2AEF20CD7A2DB0054F99E /* lfs.so */,
			);
			name = Products;
			sourceTree = "<group>";
		};
		29B97314FDCFA39411CA2CEA /* cocoa_ogl */ = {
			isa = PBXGroup;
			children = (
				B9DADFB9104BB83E000527A5 /* luaFileSystem.c */,
				19C28FACFE9D520D11CA2CBB /* Products */,
			);
			name = cocoa_ogl;
			sourceTree = "<group>";
		};
/* End PBXGroup section */

/* Begin PBXHeadersBuildPhase section */
		36C2AEEE0CD7A2DB0054F99E /* Headers */ = {
			isa = PBXHeadersBuildPhase;
			buildActionMask = 2147483647;
			files = (
			);
			runOnlyForDeploymentPostprocessing = 0;
		};
/* End PBXHeadersBuildPhase section */

/* Begin PBXNativeTarget section */
		36C2AEF10CD7A2DB0054F99E /* lfs */ = {
			isa = PBXNativeTarget;
			buildConfigurationList = 36C2AF000CD7A2EB0054F99E /* Build configuration list for PBXNativeTarget "lfs" */;
			buildPhases = (
				36C2AEEE0CD7A2DB0054F99E /* Headers */,
				36C2AEEF0CD7A2DB0054F99E /* Sources */,
				36C2AEF00CD7A2DB0054F99E /* Frameworks */,
			);
			buildRules = (
			);
			dependencies = (
			);
			name = lfs;
			productName = testmod2;
			productReference = 36C2AEF20CD7A2DB0054F99E /* lfs.so */;
			productType = "com.apple.product-type.library.dynamic";
		};
/* End PBXNativeTarget section */

/* Begin PBXProject section */
		29B97313FDCFA39411CA2CEA /* Project object */ = {
			isa = PBXProject;
			buildConfigurationList = C01FCF4E08A954540054247B /* Build configuration list for PBXProject "luaavmake" */;
			compatibilityVersion = "Xcode 2.4";
			hasScannedForEncodings = 1;
			knownRegions = (
				English,
				Japanese,
				French,
				German,
			);
			mainGroup = 29B97314FDCFA39411CA2CEA /* cocoa_ogl */;
			projectDirPath = "";
			projectRoot = "";
			targets = (
				36C2AEF10CD7A2DB0054F99E /* lfs */,
				B9DAE01A104C31A8000527A5 /* build */,
			);
		};
/* End PBXProject section */

/* Begin PBXShellScriptBuildPhase section */
		B9DAE019104C31A8000527A5 /* ShellScript */ = {
			isa = PBXShellScriptBuildPhase;
			buildActionMask = 2147483647;
			files = (
			);
			inputPaths = (
			);
			outputPaths = (
			);
			runOnlyForDeploymentPostprocessing = 0;
			shellPath = /bin/sh;
			shellScript = "# shell script goes here\ncd ..\n\n\n\n#/usr/local/bin/lua build.osx.lua ../ -config=$CONFIGURATION -action=clean\n/usr/local/bin/lua build.osx.lua ../ -config=$CONFIGURATION\n#./../bin/luaavmake build.osx.lua ../ -config=$CONFIGURATION dist\n\nexit 0";
		};
/* End PBXShellScriptBuildPhase section */

/* Begin PBXSourcesBuildPhase section */
		36C2AEEF0CD7A2DB0054F99E /* Sources */ = {
			isa = PBXSourcesBuildPhase;
			buildActionMask = 2147483647;
			files = (
				B9DADFBA104BB83E000527A5 /* luaFileSystem.c in Sources */,
			);
			runOnlyForDeploymentPostprocessing = 0;
		};
/* End PBXSourcesBuildPhase section */

/* Begin PBXTargetDependency section */
		B9DAE01E104C31D8000527A5 /* PBXTargetDependency */ = {
			isa = PBXTargetDependency;
			target = 36C2AEF10CD7A2DB0054F99E /* lfs */;
			targetProxy = B9DAE01D104C31D8000527A5 /* PBXContainerItemProxy */;
		};
/* End PBXTargetDependency section */

/* Begin XCBuildConfiguration section */
		36C2AF010CD7A2EB0054F99E /* Debug */ = {
			isa = XCBuildConfiguration;
			buildSettings = {
				ARCHS = "$(NATIVE_ARCH_ACTUAL)";
				COPY_PHASE_STRIP = NO;
				DEPLOYMENT_LOCATION = YES;
				DSTROOT = /;
				DYLIB_COMPATIBILITY_VERSION = "";
				DYLIB_CURRENT_VERSION = "";
				EXECUTABLE_EXTENSION = so;
				EXECUTABLE_PREFIX = "";
				GCC_DYNAMIC_NO_PIC = NO;
				GCC_ENABLE_FIX_AND_CONTINUE = YES;
				GCC_GENERATE_DEBUGGING_SYMBOLS = YES;
				GCC_MODEL_TUNING = G5;
				GCC_OPTIMIZATION_LEVEL = 0;
				GENERATE_MASTER_OBJECT_FILE = YES;
				INSTALL_PATH = "$(PROJECT_DIR)/../modules";
				MACH_O_TYPE = mh_bundle;
				MACOSX_DEPLOYMENT_TARGET = "";
				ONLY_ACTIVE_ARCH = YES;
				OTHER_LDFLAGS = (
					"-undefined",
					dynamic_lookup,
				);
				PREBINDING = NO;
				PRODUCT_NAME = lfs;
				SCAN_ALL_SOURCE_FILES_FOR_INCLUDES = YES;
				SDKROOT = /Developer/SDKs/MacOSX10.5.sdk;
				SHARED_PRECOMPS_DIR = "";
				STRIP_STYLE = "non-global";
				USER_HEADER_SEARCH_PATHS = "$(SRCROOT)/../../dev_osx/include $(SRCROOT)/../../dependencies/lua-5.1.4/src";
				ZERO_LINK = YES;
			};
			name = Debug;
		};
		36C2AF020CD7A2EB0054F99E /* Release */ = {
			isa = XCBuildConfiguration;
			buildSettings = {
				ARCHS = "$(NATIVE_ARCH_ACTUAL)";
				COPY_PHASE_STRIP = YES;
				DEPLOYMENT_LOCATION = YES;
				DSTROOT = /;
				DYLIB_COMPATIBILITY_VERSION = "";
				DYLIB_CURRENT_VERSION = "";
				EXECUTABLE_EXTENSION = so;
				EXECUTABLE_PREFIX = "";
				GCC_ENABLE_FIX_AND_CONTINUE = NO;
				GCC_GENERATE_DEBUGGING_SYMBOLS = NO;
				GCC_MODEL_TUNING = G5;
				GENERATE_MASTER_OBJECT_FILE = YES;
				INSTALL_PATH = "$(PROJECT_DIR)/../modules";
				MACH_O_TYPE = mh_bundle;
				MACOSX_DEPLOYMENT_TARGET = "";
				ONLY_ACTIVE_ARCH = YES;
				OTHER_LDFLAGS = (
					"-undefined",
					dynamic_lookup,
				);
				PREBINDING = NO;
				PRODUCT_NAME = lfs;
				SCAN_ALL_SOURCE_FILES_FOR_INCLUDES = YES;
				SDKROOT = /Developer/SDKs/MacOSX10.5.sdk;
				SHARED_PRECOMPS_DIR = "";
				STRIP_STYLE = "non-global";
				USER_HEADER_SEARCH_PATHS = "$(SRCROOT)/../../dev_osx/include $(SRCROOT)/../../dependencies/lua-5.1.4/src";
				ZERO_LINK = NO;
			};
			name = Release;
		};
		B9DAE01B104C31A9000527A5 /* Debug */ = {
			isa = XCBuildConfiguration;
			buildSettings = {
				COPY_PHASE_STRIP = NO;
				GCC_DYNAMIC_NO_PIC = NO;
				GCC_OPTIMIZATION_LEVEL = 0;
				PRODUCT_NAME = build;
			};
			name = Debug;
		};
		B9DAE01C104C31A9000527A5 /* Release */ = {
			isa = XCBuildConfiguration;
			buildSettings = {
				COPY_PHASE_STRIP = YES;
				DEBUG_INFORMATION_FORMAT = "dwarf-with-dsym";
				GCC_ENABLE_FIX_AND_CONTINUE = NO;
				PRODUCT_NAME = build;
				ZERO_LINK = NO;
			};
			name = Release;
		};
		C01FCF4F08A954540054247B /* Debug */ = {
			isa = XCBuildConfiguration;
			buildSettings = {
				ARCHS = "$(ARCHS_STANDARD_32_64_BIT_PRE_XCODE_3_1)";
				ARCHS_STANDARD_32_64_BIT_PRE_XCODE_3_1 = "x86_64 i386 ppc";
				GCC_WARN_ABOUT_RETURN_TYPE = YES;
				GCC_WARN_UNUSED_VARIABLE = YES;
				PREBINDING = NO;
				SDKROOT = /Developer/SDKs/MacOSX10.5.sdk;
			};
			name = Debug;
		};
		C01FCF5008A954540054247B /* Release */ = {
			isa = XCBuildConfiguration;
			buildSettings = {
				ARCHS = "$(ARCHS_STANDARD_32_64_BIT_PRE_XCODE_3_1)";
				ARCHS_STANDARD_32_64_BIT_PRE_XCODE_3_1 = "x86_64 i386 ppc";
				GCC_WARN_ABOUT_RETURN_TYPE = YES;
				GCC_WARN_UNUSED_VARIABLE = YES;
				PREBINDING = NO;
				SDKROOT = /Developer/SDKs/MacOSX10.5.sdk;
			};
			name = Release;
		};
/* End XCBuildConfiguration section */

/* Begin XCConfigurationList section */
		36C2AF000CD7A2EB0054F99E /* Build configuration list for PBXNativeTarget "lfs" */ = {
			isa = XCConfigurationList;
			buildConfigurations = (
				36C2AF010CD7A2EB0054F99E /* Debug */,
				36C2AF020CD7A2EB0054F99E /* Release */,
			);
			defaultConfigurationIsVisible = 0;
			defaultConfigurationName = Release;
		};
		B9DAE022104C31DD000527A5 /* Build configuration list for PBXAggregateTarget "build" */ = {
			isa = XCConfigurationList;
			buildConfigurations = (
				B9DAE01B104C31A9000527A5 /* Debug */,
				B9DAE01C104C31A9000527A5 /* Release */,
			);
			defaultConfigurationIsVisible = 0;
			defaultConfigurationName = Release;
		};
		C01FCF4E08A954540054247B /* Build configuration list for PBXProject "luaavmake" */ = {
			isa = XCConfigurationList;
			buildConfigurations = (
				C01FCF4F08A954540054247B /* Debug */,
				C01FCF5008A954540054247B /* Release */,
			);
			defaultConfigurationIsVisible = 0;
			defaultConfigurationName = Release;
		};
/* End XCConfigurationList section */
	};
	rootObject = 29B97313FDCFA39411CA2CEA /* Project object */;
}
