// !$*UTF8*$!
{
	archiveVersion = 1;
	classes = {
	};
	objectVersion = 42;
	objects = {

/* Begin PBXBuildFile section */
		1B354B290D3FA80000A73B82 /* MainMenu.nib in Resources */ = {isa = PBXBuildFile; fileRef = 1B354B280D3FA80000A73B82 /* MainMenu.nib */; };
		1B41D6120D4DD66E00C047EC /* WKBase.h in Headers */ = {isa = PBXBuildFile; fileRef = 1B41D6110D4DD66E00C047EC /* WKBase.h */; };
		1B4F1C4E0D3A49AD000DDEB9 /* WiimoteKit.h in Headers */ = {isa = PBXBuildFile; fileRef = 1B4F1C490D3A48C0000DDEB9 /* WiimoteKit.h */; settings = {ATTRIBUTES = (Public, ); }; };
		1B4F1C630D3A4AE8000DDEB9 /* Wiimote+Control.m in Sources */ = {isa = PBXBuildFile; fileRef = 1B4F1C620D3A4AE8000DDEB9 /* Wiimote+Control.m */; };
		1B4F1C660D3A4B0E000DDEB9 /* Wiimote+Interrupt.m in Sources */ = {isa = PBXBuildFile; fileRef = 1B4F1C650D3A4B0E000DDEB9 /* Wiimote+Interrupt.m */; };
		1B72A86A0D4011BB006F30B8 /* WKEvent.h in Headers */ = {isa = PBXBuildFile; fileRef = 1B72A8680D4011BB006F30B8 /* WKEvent.h */; settings = {ATTRIBUTES = (Public, ); }; };
		1B72A86B0D4011BB006F30B8 /* WKEvent.m in Sources */ = {isa = PBXBuildFile; fileRef = 1B72A8690D4011BB006F30B8 /* WKEvent.m */; };
		1B72A92C0D4027E5006F30B8 /* Wiimote+Speaker.m in Sources */ = {isa = PBXBuildFile; fileRef = 1B72A92B0D4027E5006F30B8 /* Wiimote+Speaker.m */; };
		1B7750780D3E8847009518CB /* WiiRemoteInternal.h in Headers */ = {isa = PBXBuildFile; fileRef = 1B7750770D3E8847009518CB /* WiiRemoteInternal.h */; };
		1B7750E20D3E9B72009518CB /* WiiRemoteInternal.m in Sources */ = {isa = PBXBuildFile; fileRef = 1B7750E10D3E9B72009518CB /* WiiRemoteInternal.m */; };
		1B7751180D3EA354009518CB /* WiiNunchuk.m in Sources */ = {isa = PBXBuildFile; fileRef = 1B7902C80D3D48E100C0A0AD /* WiiNunchuk.m */; };
		1B7902C90D3D48E100C0A0AD /* WiiNunchuk.h in Headers */ = {isa = PBXBuildFile; fileRef = 1B7902C70D3D48E100C0A0AD /* WiiNunchuk.h */; settings = {ATTRIBUTES = (Public, ); }; };
		1B7903640D3D775B00C0A0AD /* WiiClassic.h in Headers */ = {isa = PBXBuildFile; fileRef = 1B7903620D3D775B00C0A0AD /* WiiClassic.h */; settings = {ATTRIBUTES = (Public, ); }; };
		1B7903650D3D775B00C0A0AD /* WiiClassic.m in Sources */ = {isa = PBXBuildFile; fileRef = 1B7903630D3D775B00C0A0AD /* WiiClassic.m */; };
		1B79036A0D3D777900C0A0AD /* WKExtension.h in Headers */ = {isa = PBXBuildFile; fileRef = 1B7903680D3D777900C0A0AD /* WKExtension.h */; settings = {ATTRIBUTES = (Public, ); }; };
		1B79036B0D3D777900C0A0AD /* WKExtension.m in Sources */ = {isa = PBXBuildFile; fileRef = 1B7903690D3D777900C0A0AD /* WKExtension.m */; };
		1BCB002D0D3947BA0002B8D5 /* WiiRemote.h in Headers */ = {isa = PBXBuildFile; fileRef = 1BCB002B0D3947BA0002B8D5 /* WiiRemote.h */; settings = {ATTRIBUTES = (Public, ); }; };
		1BCB002E0D3947BA0002B8D5 /* WiiRemote.m in Sources */ = {isa = PBXBuildFile; fileRef = 1BCB002C0D3947BA0002B8D5 /* WiiRemote.m */; };
		1BCB00390D394C090002B8D5 /* WKTypes.h in Headers */ = {isa = PBXBuildFile; fileRef = 1BCB00380D394C090002B8D5 /* WKTypes.h */; settings = {ATTRIBUTES = (Public, ); }; };
		1BCB00770D395ED10002B8D5 /* WKConnection.h in Headers */ = {isa = PBXBuildFile; fileRef = 1BCB00750D395ED10002B8D5 /* WKConnection.h */; settings = {ATTRIBUTES = (Public, ); }; };
		1BCB00780D395ED10002B8D5 /* WKConnection.m in Sources */ = {isa = PBXBuildFile; fileRef = 1BCB00760D395ED10002B8D5 /* WKConnection.m */; };
		1BCB007C0D3968480002B8D5 /* WKDiscovery.h in Headers */ = {isa = PBXBuildFile; fileRef = 1BCB007A0D3968480002B8D5 /* WKDiscovery.h */; settings = {ATTRIBUTES = (Public, ); }; };
		1BCB007D0D3968480002B8D5 /* WKDiscovery.m in Sources */ = {isa = PBXBuildFile; fileRef = 1BCB007B0D3968480002B8D5 /* WKDiscovery.m */; };
		1BCB00800D3968660002B8D5 /* IOBluetooth.framework in Frameworks */ = {isa = PBXBuildFile; fileRef = 1BCB007F0D3968660002B8D5 /* IOBluetooth.framework */; };
		1BCB00830D3968970002B8D5 /* IOBluetoothUI.framework in Frameworks */ = {isa = PBXBuildFile; fileRef = 1BCB00820D3968970002B8D5 /* IOBluetoothUI.framework */; };
		1BCB009D0D396ADA0002B8D5 /* WiimoteKit.framework in Frameworks */ = {isa = PBXBuildFile; fileRef = 8DC2EF5B0486A6940098B216 /* WiimoteKit.framework */; };
		1BCB009F0D396AE50002B8D5 /* Cocoa.framework in Frameworks */ = {isa = PBXBuildFile; fileRef = 1058C7B1FEA5585E11CA2CBB /* Cocoa.framework */; };
		1BCB00A30D396B080002B8D5 /* WiiTest.m in Sources */ = {isa = PBXBuildFile; fileRef = 1BCB00970D396AB10002B8D5 /* WiiTest.m */; };
		1BCB00FA0D3979BD0002B8D5 /* IOBluetooth.framework in Frameworks */ = {isa = PBXBuildFile; fileRef = 1BCB007F0D3968660002B8D5 /* IOBluetooth.framework */; };
		8DC2EF530486A6940098B216 /* InfoPlist.strings in Resources */ = {isa = PBXBuildFile; fileRef = 089C1666FE841158C02AAC07 /* InfoPlist.strings */; };
		8DC2EF570486A6940098B216 /* Cocoa.framework in Frameworks */ = {isa = PBXBuildFile; fileRef = 1058C7B1FEA5585E11CA2CBB /* Cocoa.framework */; };
		91FD8CF30F53F7D200A6514B /* WKClassicTypeExtension.h in Headers */ = {isa = PBXBuildFile; fileRef = 91FD8CF10F53F7D200A6514B /* WKClassicTypeExtension.h */; settings = {ATTRIBUTES = (Public, ); }; };
		91FD8CF40F53F7D200A6514B /* WKClassicTypeExtension.m in Sources */ = {isa = PBXBuildFile; fileRef = 91FD8CF20F53F7D200A6514B /* WKClassicTypeExtension.m */; };
		CB587725103A223800A7FDDC /* WiimoteKit.framework in CopyFiles */ = {isa = PBXBuildFile; fileRef = 8DC2EF5B0486A6940098B216 /* WiimoteKit.framework */; };
/* End PBXBuildFile section */

/* Begin PBXContainerItemProxy section */
		1BCB009B0D396AD50002B8D5 /* PBXContainerItemProxy */ = {
			isa = PBXContainerItemProxy;
			containerPortal = 0867D690FE84028FC02AAC07 /* Project object */;
			proxyType = 1;
			remoteGlobalIDString = 8DC2EF4F0486A6940098B216;
			remoteInfo = WiimoteKit;
		};
/* End PBXContainerItemProxy section */

/* Begin PBXCopyFilesBuildPhase section */
		CB587728103A225B00A7FDDC /* CopyFiles */ = {
			isa = PBXCopyFilesBuildPhase;
			buildActionMask = 2147483647;
			dstPath = /Users/charlie/Library/Frameworks;
			dstSubfolderSpec = 0;
			files = (
				CB587725103A223800A7FDDC /* WiimoteKit.framework in CopyFiles */,
			);
			runOnlyForDeploymentPostprocessing = 0;
		};
/* End PBXCopyFilesBuildPhase section */

/* Begin PBXFileReference section */
		0867D69BFE84028FC02AAC07 /* Foundation.framework */ = {isa = PBXFileReference; lastKnownFileType = wrapper.framework; name = Foundation.framework; path = /System/Library/Frameworks/Foundation.framework; sourceTree = "<absolute>"; };
		0867D6A5FE840307C02AAC07 /* AppKit.framework */ = {isa = PBXFileReference; lastKnownFileType = wrapper.framework; name = AppKit.framework; path = /System/Library/Frameworks/AppKit.framework; sourceTree = "<absolute>"; };
		089C1667FE841158C02AAC07 /* English */ = {isa = PBXFileReference; fileEncoding = 10; lastKnownFileType = text.plist.strings; name = English; path = English.lproj/InfoPlist.strings; sourceTree = "<group>"; };
		1058C7B1FEA5585E11CA2CBB /* Cocoa.framework */ = {isa = PBXFileReference; lastKnownFileType = wrapper.framework; name = Cocoa.framework; path = /System/Library/Frameworks/Cocoa.framework; sourceTree = "<absolute>"; };
		1B354B280D3FA80000A73B82 /* MainMenu.nib */ = {isa = PBXFileReference; lastKnownFileType = wrapper.nib; path = MainMenu.nib; sourceTree = "<group>"; };
		1B41D6110D4DD66E00C047EC /* WKBase.h */ = {isa = PBXFileReference; fileEncoding = 4; lastKnownFileType = sourcecode.c.h; path = WKBase.h; sourceTree = "<group>"; };
		1B4F1C490D3A48C0000DDEB9 /* WiimoteKit.h */ = {isa = PBXFileReference; fileEncoding = 4; lastKnownFileType = sourcecode.c.h; path = WiimoteKit.h; sourceTree = "<group>"; };
		1B4F1C620D3A4AE8000DDEB9 /* Wiimote+Control.m */ = {isa = PBXFileReference; fileEncoding = 4; lastKnownFileType = sourcecode.c.objc; path = "Wiimote+Control.m"; sourceTree = "<group>"; };
		1B4F1C650D3A4B0E000DDEB9 /* Wiimote+Interrupt.m */ = {isa = PBXFileReference; fileEncoding = 4; lastKnownFileType = sourcecode.c.objc; path = "Wiimote+Interrupt.m"; sourceTree = "<group>"; };
		1B72A8680D4011BB006F30B8 /* WKEvent.h */ = {isa = PBXFileReference; fileEncoding = 4; lastKnownFileType = sourcecode.c.h; path = WKEvent.h; sourceTree = "<group>"; };
		1B72A8690D4011BB006F30B8 /* WKEvent.m */ = {isa = PBXFileReference; fileEncoding = 4; lastKnownFileType = sourcecode.c.objc; path = WKEvent.m; sourceTree = "<group>"; };
		1B72A92B0D4027E5006F30B8 /* Wiimote+Speaker.m */ = {isa = PBXFileReference; fileEncoding = 4; lastKnownFileType = sourcecode.c.objc; path = "Wiimote+Speaker.m"; sourceTree = "<group>"; };
		1B7750770D3E8847009518CB /* WiiRemoteInternal.h */ = {isa = PBXFileReference; fileEncoding = 4; lastKnownFileType = sourcecode.c.h; path = WiiRemoteInternal.h; sourceTree = "<group>"; };
		1B7750E10D3E9B72009518CB /* WiiRemoteInternal.m */ = {isa = PBXFileReference; fileEncoding = 4; lastKnownFileType = sourcecode.c.objc; path = WiiRemoteInternal.m; sourceTree = "<group>"; };
		1B7902C70D3D48E100C0A0AD /* WiiNunchuk.h */ = {isa = PBXFileReference; fileEncoding = 4; lastKnownFileType = sourcecode.c.h; path = WiiNunchuk.h; sourceTree = "<group>"; };
		1B7902C80D3D48E100C0A0AD /* WiiNunchuk.m */ = {isa = PBXFileReference; fileEncoding = 4; lastKnownFileType = sourcecode.c.objc; path = WiiNunchuk.m; sourceTree = "<group>"; };
		1B7903620D3D775B00C0A0AD /* WiiClassic.h */ = {isa = PBXFileReference; fileEncoding = 4; lastKnownFileType = sourcecode.c.h; path = WiiClassic.h; sourceTree = "<group>"; };
		1B7903630D3D775B00C0A0AD /* WiiClassic.m */ = {isa = PBXFileReference; fileEncoding = 4; lastKnownFileType = sourcecode.c.objc; path = WiiClassic.m; sourceTree = "<group>"; };
		1B7903680D3D777900C0A0AD /* WKExtension.h */ = {isa = PBXFileReference; fileEncoding = 4; lastKnownFileType = sourcecode.c.h; path = WKExtension.h; sourceTree = "<group>"; };
		1B7903690D3D777900C0A0AD /* WKExtension.m */ = {isa = PBXFileReference; fileEncoding = 4; lastKnownFileType = sourcecode.c.objc; path = WKExtension.m; sourceTree = "<group>"; };
		1BCB002B0D3947BA0002B8D5 /* WiiRemote.h */ = {isa = PBXFileReference; fileEncoding = 4; lastKnownFileType = sourcecode.c.h; path = WiiRemote.h; sourceTree = "<group>"; };
		1BCB002C0D3947BA0002B8D5 /* WiiRemote.m */ = {isa = PBXFileReference; fileEncoding = 4; lastKnownFileType = sourcecode.c.objc; path = WiiRemote.m; sourceTree = "<group>"; };
		1BCB00380D394C090002B8D5 /* WKTypes.h */ = {isa = PBXFileReference; fileEncoding = 4; lastKnownFileType = sourcecode.c.h; path = WKTypes.h; sourceTree = "<group>"; };
		1BCB00750D395ED10002B8D5 /* WKConnection.h */ = {isa = PBXFileReference; fileEncoding = 4; lastKnownFileType = sourcecode.c.h; path = WKConnection.h; sourceTree = "<group>"; };
		1BCB00760D395ED10002B8D5 /* WKConnection.m */ = {isa = PBXFileReference; fileEncoding = 4; lastKnownFileType = sourcecode.c.objc; path = WKConnection.m; sourceTree = "<group>"; };
		1BCB007A0D3968480002B8D5 /* WKDiscovery.h */ = {isa = PBXFileReference; fileEncoding = 4; lastKnownFileType = sourcecode.c.h; path = WKDiscovery.h; sourceTree = "<group>"; };
		1BCB007B0D3968480002B8D5 /* WKDiscovery.m */ = {isa = PBXFileReference; fileEncoding = 4; lastKnownFileType = sourcecode.c.objc; path = WKDiscovery.m; sourceTree = "<group>"; };
		1BCB007F0D3968660002B8D5 /* IOBluetooth.framework */ = {isa = PBXFileReference; lastKnownFileType = wrapper.framework; name = IOBluetooth.framework; path = /System/Library/Frameworks/IOBluetooth.framework; sourceTree = "<absolute>"; };
		1BCB00820D3968970002B8D5 /* IOBluetoothUI.framework */ = {isa = PBXFileReference; lastKnownFileType = wrapper.framework; name = IOBluetoothUI.framework; path = /System/Library/Frameworks/IOBluetoothUI.framework; sourceTree = "<absolute>"; };
		1BCB008E0D396A880002B8D5 /* WiimoteTest.app */ = {isa = PBXFileReference; explicitFileType = wrapper.application; includeInIndex = 0; path = WiimoteTest.app; sourceTree = BUILT_PRODUCTS_DIR; };
		1BCB00960D396AB10002B8D5 /* WiiTest.h */ = {isa = PBXFileReference; fileEncoding = 4; lastKnownFileType = sourcecode.c.h; path = WiiTest.h; sourceTree = "<group>"; };
		1BCB00970D396AB10002B8D5 /* WiiTest.m */ = {isa = PBXFileReference; fileEncoding = 4; lastKnownFileType = sourcecode.c.objc; path = WiiTest.m; sourceTree = "<group>"; };
		32DBCF5E0370ADEE00C91783 /* WiimoteKit_Prefix.pch */ = {isa = PBXFileReference; fileEncoding = 4; lastKnownFileType = sourcecode.c.h; path = WiimoteKit_Prefix.pch; sourceTree = "<group>"; };
		8DC2EF5A0486A6940098B216 /* Info.plist */ = {isa = PBXFileReference; fileEncoding = 4; lastKnownFileType = text.plist.xml; path = Info.plist; sourceTree = "<group>"; };
		8DC2EF5B0486A6940098B216 /* WiimoteKit.framework */ = {isa = PBXFileReference; explicitFileType = wrapper.framework; includeInIndex = 0; path = WiimoteKit.framework; sourceTree = BUILT_PRODUCTS_DIR; };
		91FD8CF10F53F7D200A6514B /* WKClassicTypeExtension.h */ = {isa = PBXFileReference; fileEncoding = 4; lastKnownFileType = sourcecode.c.h; path = WKClassicTypeExtension.h; sourceTree = "<group>"; };
		91FD8CF20F53F7D200A6514B /* WKClassicTypeExtension.m */ = {isa = PBXFileReference; fileEncoding = 4; lastKnownFileType = sourcecode.c.objc; path = WKClassicTypeExtension.m; sourceTree = "<group>"; };
		91FD8D630F53F89F00A6514B /* WiimoteKit.xcconfig */ = {isa = PBXFileReference; fileEncoding = 4; lastKnownFileType = text.xcconfig; path = WiimoteKit.xcconfig; sourceTree = "<group>"; };
		D2F7E79907B2D74100F64583 /* CoreData.framework */ = {isa = PBXFileReference; lastKnownFileType = wrapper.framework; name = CoreData.framework; path = /System/Library/Frameworks/CoreData.framework; sourceTree = "<absolute>"; };
/* End PBXFileReference section */

/* Begin PBXFrameworksBuildPhase section */
		1BCB008C0D396A880002B8D5 /* Frameworks */ = {
			isa = PBXFrameworksBuildPhase;
			buildActionMask = 2147483647;
			files = (
				1BCB009F0D396AE50002B8D5 /* Cocoa.framework in Frameworks */,
				1BCB009D0D396ADA0002B8D5 /* WiimoteKit.framework in Frameworks */,
				1BCB00FA0D3979BD0002B8D5 /* IOBluetooth.framework in Frameworks */,
			);
			runOnlyForDeploymentPostprocessing = 0;
		};
		8DC2EF560486A6940098B216 /* Frameworks */ = {
			isa = PBXFrameworksBuildPhase;
			buildActionMask = 2147483647;
			files = (
				8DC2EF570486A6940098B216 /* Cocoa.framework in Frameworks */,
				1BCB00800D3968660002B8D5 /* IOBluetooth.framework in Frameworks */,
				1BCB00830D3968970002B8D5 /* IOBluetoothUI.framework in Frameworks */,
			);
			runOnlyForDeploymentPostprocessing = 0;
		};
/* End PBXFrameworksBuildPhase section */

/* Begin PBXGroup section */
		034768DFFF38A50411DB9C8B /* Products */ = {
			isa = PBXGroup;
			children = (
				8DC2EF5B0486A6940098B216 /* WiimoteKit.framework */,
				1BCB008E0D396A880002B8D5 /* WiimoteTest.app */,
			);
			name = Products;
			sourceTree = "<group>";
		};
		0867D691FE84028FC02AAC07 /* WiimoteKit */ = {
			isa = PBXGroup;
			children = (
				1BCB00940D396A8F0002B8D5 /* Tests */,
				08FB77AEFE84172EC02AAC07 /* Sources */,
				32C88DFF0371C24200C91783 /* Other Sources */,
				089C1665FE841158C02AAC07 /* Resources */,
				0867D69AFE84028FC02AAC07 /* External Frameworks and Libraries */,
				034768DFFF38A50411DB9C8B /* Products */,
			);
			name = WiimoteKit;
			sourceTree = "<group>";
		};
		0867D69AFE84028FC02AAC07 /* External Frameworks and Libraries */ = {
			isa = PBXGroup;
			children = (
				1BCB00820D3968970002B8D5 /* IOBluetoothUI.framework */,
				1BCB007F0D3968660002B8D5 /* IOBluetooth.framework */,
				1058C7B0FEA5585E11CA2CBB /* Linked Frameworks */,
				1058C7B2FEA5585E11CA2CBB /* Other Frameworks */,
			);
			name = "External Frameworks and Libraries";
			sourceTree = "<group>";
		};
		089C1665FE841158C02AAC07 /* Resources */ = {
			isa = PBXGroup;
			children = (
				91FD8D630F53F89F00A6514B /* WiimoteKit.xcconfig */,
				8DC2EF5A0486A6940098B216 /* Info.plist */,
				089C1666FE841158C02AAC07 /* InfoPlist.strings */,
			);
			path = Resources;
			sourceTree = "<group>";
		};
		08FB77AEFE84172EC02AAC07 /* Sources */ = {
			isa = PBXGroup;
			children = (
				1B41D6110D4DD66E00C047EC /* WKBase.h */,
				1B4F1C490D3A48C0000DDEB9 /* WiimoteKit.h */,
				1B79037F0D3D7A5200C0A0AD /* WiiRemote */,
				1B7903670D3D776700C0A0AD /* Extensions */,
				1B72A8680D4011BB006F30B8 /* WKEvent.h */,
				1B72A8690D4011BB006F30B8 /* WKEvent.m */,
				1BCB007A0D3968480002B8D5 /* WKDiscovery.h */,
				1BCB007B0D3968480002B8D5 /* WKDiscovery.m */,
				1BCB00750D395ED10002B8D5 /* WKConnection.h */,
				1BCB00760D395ED10002B8D5 /* WKConnection.m */,
			);
			path = Sources;
			sourceTree = "<group>";
		};
		1058C7B0FEA5585E11CA2CBB /* Linked Frameworks */ = {
			isa = PBXGroup;
			children = (
				1058C7B1FEA5585E11CA2CBB /* Cocoa.framework */,
			);
			name = "Linked Frameworks";
			sourceTree = "<group>";
		};
		1058C7B2FEA5585E11CA2CBB /* Other Frameworks */ = {
			isa = PBXGroup;
			children = (
				0867D6A5FE840307C02AAC07 /* AppKit.framework */,
				D2F7E79907B2D74100F64583 /* CoreData.framework */,
				0867D69BFE84028FC02AAC07 /* Foundation.framework */,
			);
			name = "Other Frameworks";
			sourceTree = "<group>";
		};
		1B7903670D3D776700C0A0AD /* Extensions */ = {
			isa = PBXGroup;
			children = (
				1B7902C70D3D48E100C0A0AD /* WiiNunchuk.h */,
				1B7902C80D3D48E100C0A0AD /* WiiNunchuk.m */,
				1B7903620D3D775B00C0A0AD /* WiiClassic.h */,
				1B7903630D3D775B00C0A0AD /* WiiClassic.m */,
				91FD8CF10F53F7D200A6514B /* WKClassicTypeExtension.h */,
				91FD8CF20F53F7D200A6514B /* WKClassicTypeExtension.m */,
				1B7903680D3D777900C0A0AD /* WKExtension.h */,
				1B7903690D3D777900C0A0AD /* WKExtension.m */,
			);
			name = Extensions;
			sourceTree = "<group>";
		};
		1B79037F0D3D7A5200C0A0AD /* WiiRemote */ = {
			isa = PBXGroup;
			children = (
				1BCB00380D394C090002B8D5 /* WKTypes.h */,
				1BCB002B0D3947BA0002B8D5 /* WiiRemote.h */,
				1BCB002C0D3947BA0002B8D5 /* WiiRemote.m */,
				1B7750770D3E8847009518CB /* WiiRemoteInternal.h */,
				1B7750E10D3E9B72009518CB /* WiiRemoteInternal.m */,
				1B4F1C620D3A4AE8000DDEB9 /* Wiimote+Control.m */,
				1B72A92B0D4027E5006F30B8 /* Wiimote+Speaker.m */,
				1B4F1C650D3A4B0E000DDEB9 /* Wiimote+Interrupt.m */,
			);
			name = WiiRemote;
			sourceTree = "<group>";
		};
		1BCB00940D396A8F0002B8D5 /* Tests */ = {
			isa = PBXGroup;
			children = (
				1BCB00960D396AB10002B8D5 /* WiiTest.h */,
				1BCB00970D396AB10002B8D5 /* WiiTest.m */,
				1B354B280D3FA80000A73B82 /* MainMenu.nib */,
			);
			path = Tests;
			sourceTree = "<group>";
		};
		32C88DFF0371C24200C91783 /* Other Sources */ = {
			isa = PBXGroup;
			children = (
				32DBCF5E0370ADEE00C91783 /* WiimoteKit_Prefix.pch */,
			);
			name = "Other Sources";
			sourceTree = "<group>";
		};
/* End PBXGroup section */

/* Begin PBXHeadersBuildPhase section */
		8DC2EF500486A6940098B216 /* Headers */ = {
			isa = PBXHeadersBuildPhase;
			buildActionMask = 2147483647;
			files = (
				1BCB002D0D3947BA0002B8D5 /* WiiRemote.h in Headers */,
				1BCB00390D394C090002B8D5 /* WKTypes.h in Headers */,
				1BCB00770D395ED10002B8D5 /* WKConnection.h in Headers */,
				1BCB007C0D3968480002B8D5 /* WKDiscovery.h in Headers */,
				1B4F1C4E0D3A49AD000DDEB9 /* WiimoteKit.h in Headers */,
				1B7902C90D3D48E100C0A0AD /* WiiNunchuk.h in Headers */,
				1B7903640D3D775B00C0A0AD /* WiiClassic.h in Headers */,
				1B79036A0D3D777900C0A0AD /* WKExtension.h in Headers */,
				1B7750780D3E8847009518CB /* WiiRemoteInternal.h in Headers */,
				1B72A86A0D4011BB006F30B8 /* WKEvent.h in Headers */,
				1B41D6120D4DD66E00C047EC /* WKBase.h in Headers */,
				91FD8CF30F53F7D200A6514B /* WKClassicTypeExtension.h in Headers */,
			);
			runOnlyForDeploymentPostprocessing = 0;
		};
/* End PBXHeadersBuildPhase section */

/* Begin PBXNativeTarget section */
		1BCB008D0D396A880002B8D5 /* WiimoteTest */ = {
			isa = PBXNativeTarget;
			buildConfigurationList = 1BCB00930D396A890002B8D5 /* Build configuration list for PBXNativeTarget "WiimoteTest" */;
			buildPhases = (
				1BCB008A0D396A880002B8D5 /* Resources */,
				1BCB008B0D396A880002B8D5 /* Sources */,
				1BCB008C0D396A880002B8D5 /* Frameworks */,
			);
			buildRules = (
			);
			dependencies = (
				1BCB009C0D396AD50002B8D5 /* PBXTargetDependency */,
			);
			name = WiimoteTest;
			productName = WiimoteTest;
			productReference = 1BCB008E0D396A880002B8D5 /* WiimoteTest.app */;
			productType = "com.apple.product-type.application";
		};
		8DC2EF4F0486A6940098B216 /* WiimoteKit */ = {
			isa = PBXNativeTarget;
			buildConfigurationList = 1DEB91AD08733DA50010E9CD /* Build configuration list for PBXNativeTarget "WiimoteKit" */;
			buildPhases = (
				8DC2EF500486A6940098B216 /* Headers */,
				8DC2EF520486A6940098B216 /* Resources */,
				8DC2EF540486A6940098B216 /* Sources */,
				8DC2EF560486A6940098B216 /* Frameworks */,
				CB587728103A225B00A7FDDC /* CopyFiles */,
			);
			buildRules = (
			);
			dependencies = (
			);
			name = WiimoteKit;
			productInstallPath = "$(HOME)/Library/Frameworks";
			productName = WiimoteKit;
			productReference = 8DC2EF5B0486A6940098B216 /* WiimoteKit.framework */;
			productType = "com.apple.product-type.framework";
		};
/* End PBXNativeTarget section */

/* Begin PBXProject section */
		0867D690FE84028FC02AAC07 /* Project object */ = {
			isa = PBXProject;
			buildConfigurationList = 1DEB91B108733DA50010E9CD /* Build configuration list for PBXProject "WiimoteKit" */;
			compatibilityVersion = "Xcode 2.4";
			developmentRegion = English;
			hasScannedForEncodings = 1;
			knownRegions = (
				English,
				Japanese,
				French,
				German,
			);
			mainGroup = 0867D691FE84028FC02AAC07 /* WiimoteKit */;
			productRefGroup = 034768DFFF38A50411DB9C8B /* Products */;
			projectDirPath = "";
			projectRoot = "";
			targets = (
				8DC2EF4F0486A6940098B216 /* WiimoteKit */,
				1BCB008D0D396A880002B8D5 /* WiimoteTest */,
			);
		};
/* End PBXProject section */

/* Begin PBXResourcesBuildPhase section */
		1BCB008A0D396A880002B8D5 /* Resources */ = {
			isa = PBXResourcesBuildPhase;
			buildActionMask = 2147483647;
			files = (
				1B354B290D3FA80000A73B82 /* MainMenu.nib in Resources */,
			);
			runOnlyForDeploymentPostprocessing = 0;
		};
		8DC2EF520486A6940098B216 /* Resources */ = {
			isa = PBXResourcesBuildPhase;
			buildActionMask = 2147483647;
			files = (
				8DC2EF530486A6940098B216 /* InfoPlist.strings in Resources */,
			);
			runOnlyForDeploymentPostprocessing = 0;
		};
/* End PBXResourcesBuildPhase section */

/* Begin PBXSourcesBuildPhase section */
		1BCB008B0D396A880002B8D5 /* Sources */ = {
			isa = PBXSourcesBuildPhase;
			buildActionMask = 2147483647;
			files = (
				1BCB00A30D396B080002B8D5 /* WiiTest.m in Sources */,
			);
			runOnlyForDeploymentPostprocessing = 0;
		};
		8DC2EF540486A6940098B216 /* Sources */ = {
			isa = PBXSourcesBuildPhase;
			buildActionMask = 2147483647;
			files = (
				1BCB002E0D3947BA0002B8D5 /* WiiRemote.m in Sources */,
				1BCB00780D395ED10002B8D5 /* WKConnection.m in Sources */,
				1BCB007D0D3968480002B8D5 /* WKDiscovery.m in Sources */,
				1B4F1C630D3A4AE8000DDEB9 /* Wiimote+Control.m in Sources */,
				1B4F1C660D3A4B0E000DDEB9 /* Wiimote+Interrupt.m in Sources */,
				1B7903650D3D775B00C0A0AD /* WiiClassic.m in Sources */,
				1B79036B0D3D777900C0A0AD /* WKExtension.m in Sources */,
				1B7750E20D3E9B72009518CB /* WiiRemoteInternal.m in Sources */,
				1B7751180D3EA354009518CB /* WiiNunchuk.m in Sources */,
				1B72A86B0D4011BB006F30B8 /* WKEvent.m in Sources */,
				1B72A92C0D4027E5006F30B8 /* Wiimote+Speaker.m in Sources */,
				91FD8CF40F53F7D200A6514B /* WKClassicTypeExtension.m in Sources */,
			);
			runOnlyForDeploymentPostprocessing = 0;
		};
/* End PBXSourcesBuildPhase section */

/* Begin PBXTargetDependency section */
		1BCB009C0D396AD50002B8D5 /* PBXTargetDependency */ = {
			isa = PBXTargetDependency;
			target = 8DC2EF4F0486A6940098B216 /* WiimoteKit */;
			targetProxy = 1BCB009B0D396AD50002B8D5 /* PBXContainerItemProxy */;
		};
/* End PBXTargetDependency section */

/* Begin PBXVariantGroup section */
		089C1666FE841158C02AAC07 /* InfoPlist.strings */ = {
			isa = PBXVariantGroup;
			children = (
				089C1667FE841158C02AAC07 /* English */,
			);
			name = InfoPlist.strings;
			sourceTree = "<group>";
		};
/* End PBXVariantGroup section */

/* Begin XCBuildConfiguration section */
		1BCB00910D396A890002B8D5 /* Debug */ = {
			isa = XCBuildConfiguration;
			buildSettings = {
				COPY_PHASE_STRIP = NO;
				GCC_ENABLE_FIX_AND_CONTINUE = YES;
				GCC_MODEL_TUNING = G5;
				GCC_OPTIMIZATION_LEVEL = 0;
				GCC_PRECOMPILE_PREFIX_HEADER = YES;
				GCC_PREFIX_HEADER = WiimoteKit_Prefix.pch;
				INFOPLIST_FILE = Tests/Info.plist;
				INSTALL_PATH = "$(HOME)/Applications";
				PRODUCT_NAME = WiimoteTest;
				WRAPPER_EXTENSION = app;
			};
			name = Debug;
		};
		1BCB00920D396A890002B8D5 /* Release */ = {
			isa = XCBuildConfiguration;
			buildSettings = {
				COPY_PHASE_STRIP = YES;
				DEBUG_INFORMATION_FORMAT = "dwarf-with-dsym";
				GCC_ENABLE_FIX_AND_CONTINUE = NO;
				GCC_MODEL_TUNING = G5;
				GCC_PRECOMPILE_PREFIX_HEADER = YES;
				GCC_PREFIX_HEADER = WiimoteKit_Prefix.pch;
				INFOPLIST_FILE = Tests/Info.plist;
				INSTALL_PATH = "$(HOME)/Applications";
				PRODUCT_NAME = WiimoteTest;
				WRAPPER_EXTENSION = app;
			};
			name = Release;
		};
		1DEB91AE08733DA50010E9CD /* Debug */ = {
			isa = XCBuildConfiguration;
			baseConfigurationReference = 91FD8D630F53F89F00A6514B /* WiimoteKit.xcconfig */;
			buildSettings = {
				COPY_PHASE_STRIP = NO;
				DYLIB_COMPATIBILITY_VERSION = 1;
				DYLIB_CURRENT_VERSION = 1;
				FRAMEWORK_VERSION = A;
				GCC_DYNAMIC_NO_PIC = NO;
				GCC_ENABLE_FIX_AND_CONTINUE = YES;
				GCC_MODEL_TUNING = G5;
				GCC_OPTIMIZATION_LEVEL = 0;
				GCC_PRECOMPILE_PREFIX_HEADER = YES;
				GCC_PREFIX_HEADER = WiimoteKit_Prefix.pch;
				INFOPLIST_FILE = Resources/Info.plist;
				INSTALL_PATH = "$(HOME)/Library/Frameworks";
				PRODUCT_NAME = WiimoteKit;
				WRAPPER_EXTENSION = framework;
				ZERO_LINK = YES;
			};
			name = Debug;
		};
		1DEB91AF08733DA50010E9CD /* Release */ = {
			isa = XCBuildConfiguration;
			baseConfigurationReference = 91FD8D630F53F89F00A6514B /* WiimoteKit.xcconfig */;
			buildSettings = {
				DEBUG_INFORMATION_FORMAT = "dwarf-with-dsym";
				DYLIB_COMPATIBILITY_VERSION = 1;
				DYLIB_CURRENT_VERSION = 1;
				FRAMEWORK_VERSION = A;
				GCC_MODEL_TUNING = G5;
				GCC_PRECOMPILE_PREFIX_HEADER = YES;
				GCC_PREFIX_HEADER = WiimoteKit_Prefix.pch;
				INFOPLIST_FILE = Resources/Info.plist;
				INSTALL_PATH = "$(HOME)/Library/Frameworks";
				PRODUCT_NAME = WiimoteKit;
				WRAPPER_EXTENSION = framework;
			};
			name = Release;
		};
		1DEB91B208733DA50010E9CD /* Debug */ = {
			isa = XCBuildConfiguration;
			buildSettings = {
				GCC_C_LANGUAGE_STANDARD = gnu99;
				GCC_WARN_ABOUT_RETURN_TYPE = YES;
				GCC_WARN_UNUSED_VARIABLE = YES;
				MACOSX_DEPLOYMENT_TARGET = 10.4;
				SDKROOT = /Developer/SDKs/MacOSX10.5.sdk;
			};
			name = Debug;
		};
		1DEB91B308733DA50010E9CD /* Release */ = {
			isa = XCBuildConfiguration;
			buildSettings = {
				ARCHS = (
					ppc,
					i386,
				);
				GCC_C_LANGUAGE_STANDARD = gnu99;
				GCC_WARN_ABOUT_RETURN_TYPE = YES;
				GCC_WARN_UNUSED_VARIABLE = YES;
				MACOSX_DEPLOYMENT_TARGET = 10.4;
				SDKROOT = /Developer/SDKs/MacOSX10.5.sdk;
			};
			name = Release;
		};
/* End XCBuildConfiguration section */

/* Begin XCConfigurationList section */
		1BCB00930D396A890002B8D5 /* Build configuration list for PBXNativeTarget "WiimoteTest" */ = {
			isa = XCConfigurationList;
			buildConfigurations = (
				1BCB00910D396A890002B8D5 /* Debug */,
				1BCB00920D396A890002B8D5 /* Release */,
			);
			defaultConfigurationIsVisible = 0;
			defaultConfigurationName = Release;
		};
		1DEB91AD08733DA50010E9CD /* Build configuration list for PBXNativeTarget "WiimoteKit" */ = {
			isa = XCConfigurationList;
			buildConfigurations = (
				1DEB91AE08733DA50010E9CD /* Debug */,
				1DEB91AF08733DA50010E9CD /* Release */,
			);
			defaultConfigurationIsVisible = 0;
			defaultConfigurationName = Release;
		};
		1DEB91B108733DA50010E9CD /* Build configuration list for PBXProject "WiimoteKit" */ = {
			isa = XCConfigurationList;
			buildConfigurations = (
				1DEB91B208733DA50010E9CD /* Debug */,
				1DEB91B308733DA50010E9CD /* Release */,
			);
			defaultConfigurationIsVisible = 0;
			defaultConfigurationName = Release;
		};
/* End XCConfigurationList section */
	};
	rootObject = 0867D690FE84028FC02AAC07 /* Project object */;
}
