// !$*UTF8*$!
{
	archiveVersion = 1;
	classes = {
	};
	objectVersion = 42;
	objects = {

/* Begin PBXBuildFile section */
		B9AAC7AE0F6089790003966C /* World2d.h in Headers */ = {isa = PBXBuildFile; fileRef = B9AAC7AC0F6089790003966C /* World2d.h */; };
		B9AAC7AF0F6089790003966C /* World2d.cpp in Sources */ = {isa = PBXBuildFile; fileRef = B9AAC7AD0F6089790003966C /* World2d.cpp */; };
		B9AAC8810F60985C0003966C /* World2d_udata.cpp in Sources */ = {isa = PBXBuildFile; fileRef = B9AAC87F0F60985C0003966C /* World2d_udata.cpp */; };
		B9AAC8D10F60AC2B0003966C /* lua_box2d.h in Headers */ = {isa = PBXBuildFile; fileRef = B9AAC8CF0F60AC2B0003966C /* lua_box2d.h */; };
		B9AAC8D20F60AC2B0003966C /* lua_box2d.cpp in Sources */ = {isa = PBXBuildFile; fileRef = B9AAC8D00F60AC2B0003966C /* lua_box2d.cpp */; };
		B9AAC9360F60B58D0003966C /* OpenGL.framework in Frameworks */ = {isa = PBXBuildFile; fileRef = B9AAC9350F60B58D0003966C /* OpenGL.framework */; };
		B9BA5E5A13B509E200D3E595 /* Box2D.h in Headers */ = {isa = PBXBuildFile; fileRef = B9BA5DF813B509E200D3E595 /* Box2D.h */; };
		B9BA5E5B13B509E200D3E595 /* b2BroadPhase.cpp in Sources */ = {isa = PBXBuildFile; fileRef = B9BA5DFA13B509E200D3E595 /* b2BroadPhase.cpp */; };
		B9BA5E5C13B509E200D3E595 /* b2BroadPhase.h in Headers */ = {isa = PBXBuildFile; fileRef = B9BA5DFB13B509E200D3E595 /* b2BroadPhase.h */; };
		B9BA5E5D13B509E200D3E595 /* b2CollideCircle.cpp in Sources */ = {isa = PBXBuildFile; fileRef = B9BA5DFC13B509E200D3E595 /* b2CollideCircle.cpp */; };
		B9BA5E5E13B509E200D3E595 /* b2CollideEdge.cpp in Sources */ = {isa = PBXBuildFile; fileRef = B9BA5DFD13B509E200D3E595 /* b2CollideEdge.cpp */; };
		B9BA5E5F13B509E200D3E595 /* b2CollidePolygon.cpp in Sources */ = {isa = PBXBuildFile; fileRef = B9BA5DFE13B509E200D3E595 /* b2CollidePolygon.cpp */; };
		B9BA5E6013B509E200D3E595 /* b2Collision.cpp in Sources */ = {isa = PBXBuildFile; fileRef = B9BA5DFF13B509E200D3E595 /* b2Collision.cpp */; };
		B9BA5E6113B509E200D3E595 /* b2Collision.h in Headers */ = {isa = PBXBuildFile; fileRef = B9BA5E0013B509E200D3E595 /* b2Collision.h */; };
		B9BA5E6213B509E200D3E595 /* b2Distance.cpp in Sources */ = {isa = PBXBuildFile; fileRef = B9BA5E0113B509E200D3E595 /* b2Distance.cpp */; };
		B9BA5E6313B509E200D3E595 /* b2Distance.h in Headers */ = {isa = PBXBuildFile; fileRef = B9BA5E0213B509E200D3E595 /* b2Distance.h */; };
		B9BA5E6413B509E200D3E595 /* b2DynamicTree.cpp in Sources */ = {isa = PBXBuildFile; fileRef = B9BA5E0313B509E200D3E595 /* b2DynamicTree.cpp */; };
		B9BA5E6513B509E200D3E595 /* b2DynamicTree.h in Headers */ = {isa = PBXBuildFile; fileRef = B9BA5E0413B509E200D3E595 /* b2DynamicTree.h */; };
		B9BA5E6613B509E200D3E595 /* b2TimeOfImpact.cpp in Sources */ = {isa = PBXBuildFile; fileRef = B9BA5E0513B509E200D3E595 /* b2TimeOfImpact.cpp */; };
		B9BA5E6713B509E200D3E595 /* b2TimeOfImpact.h in Headers */ = {isa = PBXBuildFile; fileRef = B9BA5E0613B509E200D3E595 /* b2TimeOfImpact.h */; };
		B9BA5E6813B509E200D3E595 /* b2CircleShape.cpp in Sources */ = {isa = PBXBuildFile; fileRef = B9BA5E0813B509E200D3E595 /* b2CircleShape.cpp */; };
		B9BA5E6913B509E200D3E595 /* b2CircleShape.h in Headers */ = {isa = PBXBuildFile; fileRef = B9BA5E0913B509E200D3E595 /* b2CircleShape.h */; };
		B9BA5E6A13B509E200D3E595 /* b2EdgeShape.cpp in Sources */ = {isa = PBXBuildFile; fileRef = B9BA5E0A13B509E200D3E595 /* b2EdgeShape.cpp */; };
		B9BA5E6B13B509E200D3E595 /* b2EdgeShape.h in Headers */ = {isa = PBXBuildFile; fileRef = B9BA5E0B13B509E200D3E595 /* b2EdgeShape.h */; };
		B9BA5E6C13B509E200D3E595 /* b2LoopShape.cpp in Sources */ = {isa = PBXBuildFile; fileRef = B9BA5E0C13B509E200D3E595 /* b2LoopShape.cpp */; };
		B9BA5E6D13B509E200D3E595 /* b2LoopShape.h in Headers */ = {isa = PBXBuildFile; fileRef = B9BA5E0D13B509E200D3E595 /* b2LoopShape.h */; };
		B9BA5E6E13B509E200D3E595 /* b2PolygonShape.cpp in Sources */ = {isa = PBXBuildFile; fileRef = B9BA5E0E13B509E200D3E595 /* b2PolygonShape.cpp */; };
		B9BA5E6F13B509E200D3E595 /* b2PolygonShape.h in Headers */ = {isa = PBXBuildFile; fileRef = B9BA5E0F13B509E200D3E595 /* b2PolygonShape.h */; };
		B9BA5E7013B509E200D3E595 /* b2Shape.h in Headers */ = {isa = PBXBuildFile; fileRef = B9BA5E1013B509E200D3E595 /* b2Shape.h */; };
		B9BA5E7113B509E200D3E595 /* b2BlockAllocator.cpp in Sources */ = {isa = PBXBuildFile; fileRef = B9BA5E1213B509E200D3E595 /* b2BlockAllocator.cpp */; };
		B9BA5E7213B509E200D3E595 /* b2BlockAllocator.h in Headers */ = {isa = PBXBuildFile; fileRef = B9BA5E1313B509E200D3E595 /* b2BlockAllocator.h */; };
		B9BA5E7313B509E200D3E595 /* b2Draw.cpp in Sources */ = {isa = PBXBuildFile; fileRef = B9BA5E1413B509E200D3E595 /* b2Draw.cpp */; };
		B9BA5E7413B509E200D3E595 /* b2Draw.h in Headers */ = {isa = PBXBuildFile; fileRef = B9BA5E1513B509E200D3E595 /* b2Draw.h */; };
		B9BA5E7513B509E200D3E595 /* b2GrowableStack.h in Headers */ = {isa = PBXBuildFile; fileRef = B9BA5E1613B509E200D3E595 /* b2GrowableStack.h */; };
		B9BA5E7613B509E200D3E595 /* b2Math.cpp in Sources */ = {isa = PBXBuildFile; fileRef = B9BA5E1713B509E200D3E595 /* b2Math.cpp */; };
		B9BA5E7713B509E200D3E595 /* b2Math.h in Headers */ = {isa = PBXBuildFile; fileRef = B9BA5E1813B509E200D3E595 /* b2Math.h */; };
		B9BA5E7813B509E200D3E595 /* b2Settings.cpp in Sources */ = {isa = PBXBuildFile; fileRef = B9BA5E1913B509E200D3E595 /* b2Settings.cpp */; };
		B9BA5E7913B509E200D3E595 /* b2Settings.h in Headers */ = {isa = PBXBuildFile; fileRef = B9BA5E1A13B509E200D3E595 /* b2Settings.h */; };
		B9BA5E7A13B509E200D3E595 /* b2StackAllocator.cpp in Sources */ = {isa = PBXBuildFile; fileRef = B9BA5E1B13B509E200D3E595 /* b2StackAllocator.cpp */; };
		B9BA5E7B13B509E200D3E595 /* b2StackAllocator.h in Headers */ = {isa = PBXBuildFile; fileRef = B9BA5E1C13B509E200D3E595 /* b2StackAllocator.h */; };
		B9BA5E7C13B509E200D3E595 /* b2Timer.cpp in Sources */ = {isa = PBXBuildFile; fileRef = B9BA5E1D13B509E200D3E595 /* b2Timer.cpp */; };
		B9BA5E7D13B509E200D3E595 /* b2Timer.h in Headers */ = {isa = PBXBuildFile; fileRef = B9BA5E1E13B509E200D3E595 /* b2Timer.h */; };
		B9BA5E7E13B509E200D3E595 /* b2Body.cpp in Sources */ = {isa = PBXBuildFile; fileRef = B9BA5E2013B509E200D3E595 /* b2Body.cpp */; };
		B9BA5E7F13B509E200D3E595 /* b2Body.h in Headers */ = {isa = PBXBuildFile; fileRef = B9BA5E2113B509E200D3E595 /* b2Body.h */; };
		B9BA5E8013B509E200D3E595 /* b2ContactManager.cpp in Sources */ = {isa = PBXBuildFile; fileRef = B9BA5E2213B509E200D3E595 /* b2ContactManager.cpp */; };
		B9BA5E8113B509E200D3E595 /* b2ContactManager.h in Headers */ = {isa = PBXBuildFile; fileRef = B9BA5E2313B509E200D3E595 /* b2ContactManager.h */; };
		B9BA5E8213B509E200D3E595 /* b2Fixture.cpp in Sources */ = {isa = PBXBuildFile; fileRef = B9BA5E2413B509E200D3E595 /* b2Fixture.cpp */; };
		B9BA5E8313B509E200D3E595 /* b2Fixture.h in Headers */ = {isa = PBXBuildFile; fileRef = B9BA5E2513B509E200D3E595 /* b2Fixture.h */; };
		B9BA5E8413B509E200D3E595 /* b2Island.cpp in Sources */ = {isa = PBXBuildFile; fileRef = B9BA5E2613B509E200D3E595 /* b2Island.cpp */; };
		B9BA5E8513B509E200D3E595 /* b2Island.h in Headers */ = {isa = PBXBuildFile; fileRef = B9BA5E2713B509E200D3E595 /* b2Island.h */; };
		B9BA5E8613B509E200D3E595 /* b2TimeStep.h in Headers */ = {isa = PBXBuildFile; fileRef = B9BA5E2813B509E200D3E595 /* b2TimeStep.h */; };
		B9BA5E8713B509E200D3E595 /* b2World.cpp in Sources */ = {isa = PBXBuildFile; fileRef = B9BA5E2913B509E200D3E595 /* b2World.cpp */; };
		B9BA5E8813B509E200D3E595 /* b2World.h in Headers */ = {isa = PBXBuildFile; fileRef = B9BA5E2A13B509E200D3E595 /* b2World.h */; };
		B9BA5E8913B509E200D3E595 /* b2WorldCallbacks.cpp in Sources */ = {isa = PBXBuildFile; fileRef = B9BA5E2B13B509E200D3E595 /* b2WorldCallbacks.cpp */; };
		B9BA5E8A13B509E200D3E595 /* b2WorldCallbacks.h in Headers */ = {isa = PBXBuildFile; fileRef = B9BA5E2C13B509E200D3E595 /* b2WorldCallbacks.h */; };
		B9BA5E8B13B509E200D3E595 /* b2CircleContact.cpp in Sources */ = {isa = PBXBuildFile; fileRef = B9BA5E2E13B509E200D3E595 /* b2CircleContact.cpp */; };
		B9BA5E8C13B509E200D3E595 /* b2CircleContact.h in Headers */ = {isa = PBXBuildFile; fileRef = B9BA5E2F13B509E200D3E595 /* b2CircleContact.h */; };
		B9BA5E8D13B509E200D3E595 /* b2Contact.cpp in Sources */ = {isa = PBXBuildFile; fileRef = B9BA5E3013B509E200D3E595 /* b2Contact.cpp */; };
		B9BA5E8E13B509E200D3E595 /* b2Contact.h in Headers */ = {isa = PBXBuildFile; fileRef = B9BA5E3113B509E200D3E595 /* b2Contact.h */; };
		B9BA5E8F13B509E200D3E595 /* b2ContactSolver.cpp in Sources */ = {isa = PBXBuildFile; fileRef = B9BA5E3213B509E200D3E595 /* b2ContactSolver.cpp */; };
		B9BA5E9013B509E200D3E595 /* b2ContactSolver.h in Headers */ = {isa = PBXBuildFile; fileRef = B9BA5E3313B509E200D3E595 /* b2ContactSolver.h */; };
		B9BA5E9113B509E200D3E595 /* b2EdgeAndCircleContact.cpp in Sources */ = {isa = PBXBuildFile; fileRef = B9BA5E3413B509E200D3E595 /* b2EdgeAndCircleContact.cpp */; };
		B9BA5E9213B509E200D3E595 /* b2EdgeAndCircleContact.h in Headers */ = {isa = PBXBuildFile; fileRef = B9BA5E3513B509E200D3E595 /* b2EdgeAndCircleContact.h */; };
		B9BA5E9313B509E200D3E595 /* b2EdgeAndPolygonContact.cpp in Sources */ = {isa = PBXBuildFile; fileRef = B9BA5E3613B509E200D3E595 /* b2EdgeAndPolygonContact.cpp */; };
		B9BA5E9413B509E200D3E595 /* b2EdgeAndPolygonContact.h in Headers */ = {isa = PBXBuildFile; fileRef = B9BA5E3713B509E200D3E595 /* b2EdgeAndPolygonContact.h */; };
		B9BA5E9513B509E200D3E595 /* b2LoopAndCircleContact.cpp in Sources */ = {isa = PBXBuildFile; fileRef = B9BA5E3813B509E200D3E595 /* b2LoopAndCircleContact.cpp */; };
		B9BA5E9613B509E200D3E595 /* b2LoopAndCircleContact.h in Headers */ = {isa = PBXBuildFile; fileRef = B9BA5E3913B509E200D3E595 /* b2LoopAndCircleContact.h */; };
		B9BA5E9713B509E200D3E595 /* b2LoopAndPolygonContact.cpp in Sources */ = {isa = PBXBuildFile; fileRef = B9BA5E3A13B509E200D3E595 /* b2LoopAndPolygonContact.cpp */; };
		B9BA5E9813B509E200D3E595 /* b2LoopAndPolygonContact.h in Headers */ = {isa = PBXBuildFile; fileRef = B9BA5E3B13B509E200D3E595 /* b2LoopAndPolygonContact.h */; };
		B9BA5E9913B509E200D3E595 /* b2PolygonAndCircleContact.cpp in Sources */ = {isa = PBXBuildFile; fileRef = B9BA5E3C13B509E200D3E595 /* b2PolygonAndCircleContact.cpp */; };
		B9BA5E9A13B509E200D3E595 /* b2PolygonAndCircleContact.h in Headers */ = {isa = PBXBuildFile; fileRef = B9BA5E3D13B509E200D3E595 /* b2PolygonAndCircleContact.h */; };
		B9BA5E9B13B509E200D3E595 /* b2PolygonContact.cpp in Sources */ = {isa = PBXBuildFile; fileRef = B9BA5E3E13B509E200D3E595 /* b2PolygonContact.cpp */; };
		B9BA5E9C13B509E200D3E595 /* b2PolygonContact.h in Headers */ = {isa = PBXBuildFile; fileRef = B9BA5E3F13B509E200D3E595 /* b2PolygonContact.h */; };
		B9BA5E9D13B509E200D3E595 /* b2DistanceJoint.cpp in Sources */ = {isa = PBXBuildFile; fileRef = B9BA5E4113B509E200D3E595 /* b2DistanceJoint.cpp */; };
		B9BA5E9E13B509E200D3E595 /* b2DistanceJoint.h in Headers */ = {isa = PBXBuildFile; fileRef = B9BA5E4213B509E200D3E595 /* b2DistanceJoint.h */; };
		B9BA5E9F13B509E200D3E595 /* b2FrictionJoint.cpp in Sources */ = {isa = PBXBuildFile; fileRef = B9BA5E4313B509E200D3E595 /* b2FrictionJoint.cpp */; };
		B9BA5EA013B509E200D3E595 /* b2FrictionJoint.h in Headers */ = {isa = PBXBuildFile; fileRef = B9BA5E4413B509E200D3E595 /* b2FrictionJoint.h */; };
		B9BA5EA113B509E200D3E595 /* b2GearJoint.cpp in Sources */ = {isa = PBXBuildFile; fileRef = B9BA5E4513B509E200D3E595 /* b2GearJoint.cpp */; };
		B9BA5EA213B509E200D3E595 /* b2GearJoint.h in Headers */ = {isa = PBXBuildFile; fileRef = B9BA5E4613B509E200D3E595 /* b2GearJoint.h */; };
		B9BA5EA313B509E200D3E595 /* b2Joint.cpp in Sources */ = {isa = PBXBuildFile; fileRef = B9BA5E4713B509E200D3E595 /* b2Joint.cpp */; };
		B9BA5EA413B509E200D3E595 /* b2Joint.h in Headers */ = {isa = PBXBuildFile; fileRef = B9BA5E4813B509E200D3E595 /* b2Joint.h */; };
		B9BA5EA513B509E200D3E595 /* b2MouseJoint.cpp in Sources */ = {isa = PBXBuildFile; fileRef = B9BA5E4913B509E200D3E595 /* b2MouseJoint.cpp */; };
		B9BA5EA613B509E200D3E595 /* b2MouseJoint.h in Headers */ = {isa = PBXBuildFile; fileRef = B9BA5E4A13B509E200D3E595 /* b2MouseJoint.h */; };
		B9BA5EA713B509E200D3E595 /* b2PrismaticJoint.cpp in Sources */ = {isa = PBXBuildFile; fileRef = B9BA5E4B13B509E200D3E595 /* b2PrismaticJoint.cpp */; };
		B9BA5EA813B509E200D3E595 /* b2PrismaticJoint.h in Headers */ = {isa = PBXBuildFile; fileRef = B9BA5E4C13B509E200D3E595 /* b2PrismaticJoint.h */; };
		B9BA5EA913B509E200D3E595 /* b2PulleyJoint.cpp in Sources */ = {isa = PBXBuildFile; fileRef = B9BA5E4D13B509E200D3E595 /* b2PulleyJoint.cpp */; };
		B9BA5EAA13B509E200D3E595 /* b2PulleyJoint.h in Headers */ = {isa = PBXBuildFile; fileRef = B9BA5E4E13B509E200D3E595 /* b2PulleyJoint.h */; };
		B9BA5EAB13B509E200D3E595 /* b2RevoluteJoint.cpp in Sources */ = {isa = PBXBuildFile; fileRef = B9BA5E4F13B509E200D3E595 /* b2RevoluteJoint.cpp */; };
		B9BA5EAC13B509E200D3E595 /* b2RevoluteJoint.h in Headers */ = {isa = PBXBuildFile; fileRef = B9BA5E5013B509E200D3E595 /* b2RevoluteJoint.h */; };
		B9BA5EAD13B509E200D3E595 /* b2RopeJoint.cpp in Sources */ = {isa = PBXBuildFile; fileRef = B9BA5E5113B509E200D3E595 /* b2RopeJoint.cpp */; };
		B9BA5EAE13B509E200D3E595 /* b2RopeJoint.h in Headers */ = {isa = PBXBuildFile; fileRef = B9BA5E5213B509E200D3E595 /* b2RopeJoint.h */; };
		B9BA5EAF13B509E200D3E595 /* b2WeldJoint.cpp in Sources */ = {isa = PBXBuildFile; fileRef = B9BA5E5313B509E200D3E595 /* b2WeldJoint.cpp */; };
		B9BA5EB013B509E200D3E595 /* b2WeldJoint.h in Headers */ = {isa = PBXBuildFile; fileRef = B9BA5E5413B509E200D3E595 /* b2WeldJoint.h */; };
		B9BA5EB113B509E200D3E595 /* b2WheelJoint.cpp in Sources */ = {isa = PBXBuildFile; fileRef = B9BA5E5513B509E200D3E595 /* b2WheelJoint.cpp */; };
		B9BA5EB213B509E200D3E595 /* b2WheelJoint.h in Headers */ = {isa = PBXBuildFile; fileRef = B9BA5E5613B509E200D3E595 /* b2WheelJoint.h */; };
		B9BA5EB313B509E200D3E595 /* b2Rope.cpp in Sources */ = {isa = PBXBuildFile; fileRef = B9BA5E5813B509E200D3E595 /* b2Rope.cpp */; };
		B9BA5EB413B509E200D3E595 /* b2Rope.h in Headers */ = {isa = PBXBuildFile; fileRef = B9BA5E5913B509E200D3E595 /* b2Rope.h */; };
/* End PBXBuildFile section */

/* Begin PBXFileReference section */
		36C2AEF20CD7A2DB0054F99E /* box2d.so */ = {isa = PBXFileReference; explicitFileType = "compiled.mach-o.dylib"; includeInIndex = 0; path = box2d.so; sourceTree = BUILT_PRODUCTS_DIR; };
		B9AAC7AC0F6089790003966C /* World2d.h */ = {isa = PBXFileReference; fileEncoding = 4; lastKnownFileType = sourcecode.c.h; path = World2d.h; sourceTree = "<group>"; };
		B9AAC7AD0F6089790003966C /* World2d.cpp */ = {isa = PBXFileReference; fileEncoding = 4; lastKnownFileType = sourcecode.cpp.cpp; path = World2d.cpp; sourceTree = "<group>"; };
		B9AAC87F0F60985C0003966C /* World2d_udata.cpp */ = {isa = PBXFileReference; fileEncoding = 4; lastKnownFileType = sourcecode.cpp.cpp; path = World2d_udata.cpp; sourceTree = "<group>"; };
		B9AAC8CF0F60AC2B0003966C /* lua_box2d.h */ = {isa = PBXFileReference; fileEncoding = 4; lastKnownFileType = sourcecode.c.h; path = lua_box2d.h; sourceTree = "<group>"; };
		B9AAC8D00F60AC2B0003966C /* lua_box2d.cpp */ = {isa = PBXFileReference; fileEncoding = 4; lastKnownFileType = sourcecode.cpp.cpp; path = lua_box2d.cpp; sourceTree = "<group>"; };
		B9AAC9350F60B58D0003966C /* OpenGL.framework */ = {isa = PBXFileReference; lastKnownFileType = wrapper.framework; name = OpenGL.framework; path = /System/Library/Frameworks/OpenGL.framework; sourceTree = "<absolute>"; };
		B9BA5A8F13B4640C00D3E595 /* dev */ = {isa = PBXFileReference; lastKnownFileType = folder; name = dev; path = ../../../dev; sourceTree = SOURCE_ROOT; };
		B9BA5DF813B509E200D3E595 /* Box2D.h */ = {isa = PBXFileReference; fileEncoding = 4; lastKnownFileType = sourcecode.c.h; path = Box2D.h; sourceTree = "<group>"; };
		B9BA5DFA13B509E200D3E595 /* b2BroadPhase.cpp */ = {isa = PBXFileReference; fileEncoding = 4; lastKnownFileType = sourcecode.cpp.cpp; path = b2BroadPhase.cpp; sourceTree = "<group>"; };
		B9BA5DFB13B509E200D3E595 /* b2BroadPhase.h */ = {isa = PBXFileReference; fileEncoding = 4; lastKnownFileType = sourcecode.c.h; path = b2BroadPhase.h; sourceTree = "<group>"; };
		B9BA5DFC13B509E200D3E595 /* b2CollideCircle.cpp */ = {isa = PBXFileReference; fileEncoding = 4; lastKnownFileType = sourcecode.cpp.cpp; path = b2CollideCircle.cpp; sourceTree = "<group>"; };
		B9BA5DFD13B509E200D3E595 /* b2CollideEdge.cpp */ = {isa = PBXFileReference; fileEncoding = 4; lastKnownFileType = sourcecode.cpp.cpp; path = b2CollideEdge.cpp; sourceTree = "<group>"; };
		B9BA5DFE13B509E200D3E595 /* b2CollidePolygon.cpp */ = {isa = PBXFileReference; fileEncoding = 4; lastKnownFileType = sourcecode.cpp.cpp; path = b2CollidePolygon.cpp; sourceTree = "<group>"; };
		B9BA5DFF13B509E200D3E595 /* b2Collision.cpp */ = {isa = PBXFileReference; fileEncoding = 4; lastKnownFileType = sourcecode.cpp.cpp; path = b2Collision.cpp; sourceTree = "<group>"; };
		B9BA5E0013B509E200D3E595 /* b2Collision.h */ = {isa = PBXFileReference; fileEncoding = 4; lastKnownFileType = sourcecode.c.h; path = b2Collision.h; sourceTree = "<group>"; };
		B9BA5E0113B509E200D3E595 /* b2Distance.cpp */ = {isa = PBXFileReference; fileEncoding = 4; lastKnownFileType = sourcecode.cpp.cpp; path = b2Distance.cpp; sourceTree = "<group>"; };
		B9BA5E0213B509E200D3E595 /* b2Distance.h */ = {isa = PBXFileReference; fileEncoding = 4; lastKnownFileType = sourcecode.c.h; path = b2Distance.h; sourceTree = "<group>"; };
		B9BA5E0313B509E200D3E595 /* b2DynamicTree.cpp */ = {isa = PBXFileReference; fileEncoding = 4; lastKnownFileType = sourcecode.cpp.cpp; path = b2DynamicTree.cpp; sourceTree = "<group>"; };
		B9BA5E0413B509E200D3E595 /* b2DynamicTree.h */ = {isa = PBXFileReference; fileEncoding = 4; lastKnownFileType = sourcecode.c.h; path = b2DynamicTree.h; sourceTree = "<group>"; };
		B9BA5E0513B509E200D3E595 /* b2TimeOfImpact.cpp */ = {isa = PBXFileReference; fileEncoding = 4; lastKnownFileType = sourcecode.cpp.cpp; path = b2TimeOfImpact.cpp; sourceTree = "<group>"; };
		B9BA5E0613B509E200D3E595 /* b2TimeOfImpact.h */ = {isa = PBXFileReference; fileEncoding = 4; lastKnownFileType = sourcecode.c.h; path = b2TimeOfImpact.h; sourceTree = "<group>"; };
		B9BA5E0813B509E200D3E595 /* b2CircleShape.cpp */ = {isa = PBXFileReference; fileEncoding = 4; lastKnownFileType = sourcecode.cpp.cpp; path = b2CircleShape.cpp; sourceTree = "<group>"; };
		B9BA5E0913B509E200D3E595 /* b2CircleShape.h */ = {isa = PBXFileReference; fileEncoding = 4; lastKnownFileType = sourcecode.c.h; path = b2CircleShape.h; sourceTree = "<group>"; };
		B9BA5E0A13B509E200D3E595 /* b2EdgeShape.cpp */ = {isa = PBXFileReference; fileEncoding = 4; lastKnownFileType = sourcecode.cpp.cpp; path = b2EdgeShape.cpp; sourceTree = "<group>"; };
		B9BA5E0B13B509E200D3E595 /* b2EdgeShape.h */ = {isa = PBXFileReference; fileEncoding = 4; lastKnownFileType = sourcecode.c.h; path = b2EdgeShape.h; sourceTree = "<group>"; };
		B9BA5E0C13B509E200D3E595 /* b2LoopShape.cpp */ = {isa = PBXFileReference; fileEncoding = 4; lastKnownFileType = sourcecode.cpp.cpp; path = b2LoopShape.cpp; sourceTree = "<group>"; };
		B9BA5E0D13B509E200D3E595 /* b2LoopShape.h */ = {isa = PBXFileReference; fileEncoding = 4; lastKnownFileType = sourcecode.c.h; path = b2LoopShape.h; sourceTree = "<group>"; };
		B9BA5E0E13B509E200D3E595 /* b2PolygonShape.cpp */ = {isa = PBXFileReference; fileEncoding = 4; lastKnownFileType = sourcecode.cpp.cpp; path = b2PolygonShape.cpp; sourceTree = "<group>"; };
		B9BA5E0F13B509E200D3E595 /* b2PolygonShape.h */ = {isa = PBXFileReference; fileEncoding = 4; lastKnownFileType = sourcecode.c.h; path = b2PolygonShape.h; sourceTree = "<group>"; };
		B9BA5E1013B509E200D3E595 /* b2Shape.h */ = {isa = PBXFileReference; fileEncoding = 4; lastKnownFileType = sourcecode.c.h; path = b2Shape.h; sourceTree = "<group>"; };
		B9BA5E1213B509E200D3E595 /* b2BlockAllocator.cpp */ = {isa = PBXFileReference; fileEncoding = 4; lastKnownFileType = sourcecode.cpp.cpp; path = b2BlockAllocator.cpp; sourceTree = "<group>"; };
		B9BA5E1313B509E200D3E595 /* b2BlockAllocator.h */ = {isa = PBXFileReference; fileEncoding = 4; lastKnownFileType = sourcecode.c.h; path = b2BlockAllocator.h; sourceTree = "<group>"; };
		B9BA5E1413B509E200D3E595 /* b2Draw.cpp */ = {isa = PBXFileReference; fileEncoding = 4; lastKnownFileType = sourcecode.cpp.cpp; path = b2Draw.cpp; sourceTree = "<group>"; };
		B9BA5E1513B509E200D3E595 /* b2Draw.h */ = {isa = PBXFileReference; fileEncoding = 4; lastKnownFileType = sourcecode.c.h; path = b2Draw.h; sourceTree = "<group>"; };
		B9BA5E1613B509E200D3E595 /* b2GrowableStack.h */ = {isa = PBXFileReference; fileEncoding = 4; lastKnownFileType = sourcecode.c.h; path = b2GrowableStack.h; sourceTree = "<group>"; };
		B9BA5E1713B509E200D3E595 /* b2Math.cpp */ = {isa = PBXFileReference; fileEncoding = 4; lastKnownFileType = sourcecode.cpp.cpp; path = b2Math.cpp; sourceTree = "<group>"; };
		B9BA5E1813B509E200D3E595 /* b2Math.h */ = {isa = PBXFileReference; fileEncoding = 4; lastKnownFileType = sourcecode.c.h; path = b2Math.h; sourceTree = "<group>"; };
		B9BA5E1913B509E200D3E595 /* b2Settings.cpp */ = {isa = PBXFileReference; fileEncoding = 4; lastKnownFileType = sourcecode.cpp.cpp; path = b2Settings.cpp; sourceTree = "<group>"; };
		B9BA5E1A13B509E200D3E595 /* b2Settings.h */ = {isa = PBXFileReference; fileEncoding = 4; lastKnownFileType = sourcecode.c.h; path = b2Settings.h; sourceTree = "<group>"; };
		B9BA5E1B13B509E200D3E595 /* b2StackAllocator.cpp */ = {isa = PBXFileReference; fileEncoding = 4; lastKnownFileType = sourcecode.cpp.cpp; path = b2StackAllocator.cpp; sourceTree = "<group>"; };
		B9BA5E1C13B509E200D3E595 /* b2StackAllocator.h */ = {isa = PBXFileReference; fileEncoding = 4; lastKnownFileType = sourcecode.c.h; path = b2StackAllocator.h; sourceTree = "<group>"; };
		B9BA5E1D13B509E200D3E595 /* b2Timer.cpp */ = {isa = PBXFileReference; fileEncoding = 4; lastKnownFileType = sourcecode.cpp.cpp; path = b2Timer.cpp; sourceTree = "<group>"; };
		B9BA5E1E13B509E200D3E595 /* b2Timer.h */ = {isa = PBXFileReference; fileEncoding = 4; lastKnownFileType = sourcecode.c.h; path = b2Timer.h; sourceTree = "<group>"; };
		B9BA5E2013B509E200D3E595 /* b2Body.cpp */ = {isa = PBXFileReference; fileEncoding = 4; lastKnownFileType = sourcecode.cpp.cpp; path = b2Body.cpp; sourceTree = "<group>"; };
		B9BA5E2113B509E200D3E595 /* b2Body.h */ = {isa = PBXFileReference; fileEncoding = 4; lastKnownFileType = sourcecode.c.h; path = b2Body.h; sourceTree = "<group>"; };
		B9BA5E2213B509E200D3E595 /* b2ContactManager.cpp */ = {isa = PBXFileReference; fileEncoding = 4; lastKnownFileType = sourcecode.cpp.cpp; path = b2ContactManager.cpp; sourceTree = "<group>"; };
		B9BA5E2313B509E200D3E595 /* b2ContactManager.h */ = {isa = PBXFileReference; fileEncoding = 4; lastKnownFileType = sourcecode.c.h; path = b2ContactManager.h; sourceTree = "<group>"; };
		B9BA5E2413B509E200D3E595 /* b2Fixture.cpp */ = {isa = PBXFileReference; fileEncoding = 4; lastKnownFileType = sourcecode.cpp.cpp; path = b2Fixture.cpp; sourceTree = "<group>"; };
		B9BA5E2513B509E200D3E595 /* b2Fixture.h */ = {isa = PBXFileReference; fileEncoding = 4; lastKnownFileType = sourcecode.c.h; path = b2Fixture.h; sourceTree = "<group>"; };
		B9BA5E2613B509E200D3E595 /* b2Island.cpp */ = {isa = PBXFileReference; fileEncoding = 4; lastKnownFileType = sourcecode.cpp.cpp; path = b2Island.cpp; sourceTree = "<group>"; };
		B9BA5E2713B509E200D3E595 /* b2Island.h */ = {isa = PBXFileReference; fileEncoding = 4; lastKnownFileType = sourcecode.c.h; path = b2Island.h; sourceTree = "<group>"; };
		B9BA5E2813B509E200D3E595 /* b2TimeStep.h */ = {isa = PBXFileReference; fileEncoding = 4; lastKnownFileType = sourcecode.c.h; path = b2TimeStep.h; sourceTree = "<group>"; };
		B9BA5E2913B509E200D3E595 /* b2World.cpp */ = {isa = PBXFileReference; fileEncoding = 4; lastKnownFileType = sourcecode.cpp.cpp; path = b2World.cpp; sourceTree = "<group>"; };
		B9BA5E2A13B509E200D3E595 /* b2World.h */ = {isa = PBXFileReference; fileEncoding = 4; lastKnownFileType = sourcecode.c.h; path = b2World.h; sourceTree = "<group>"; };
		B9BA5E2B13B509E200D3E595 /* b2WorldCallbacks.cpp */ = {isa = PBXFileReference; fileEncoding = 4; lastKnownFileType = sourcecode.cpp.cpp; path = b2WorldCallbacks.cpp; sourceTree = "<group>"; };
		B9BA5E2C13B509E200D3E595 /* b2WorldCallbacks.h */ = {isa = PBXFileReference; fileEncoding = 4; lastKnownFileType = sourcecode.c.h; path = b2WorldCallbacks.h; sourceTree = "<group>"; };
		B9BA5E2E13B509E200D3E595 /* b2CircleContact.cpp */ = {isa = PBXFileReference; fileEncoding = 4; lastKnownFileType = sourcecode.cpp.cpp; path = b2CircleContact.cpp; sourceTree = "<group>"; };
		B9BA5E2F13B509E200D3E595 /* b2CircleContact.h */ = {isa = PBXFileReference; fileEncoding = 4; lastKnownFileType = sourcecode.c.h; path = b2CircleContact.h; sourceTree = "<group>"; };
		B9BA5E3013B509E200D3E595 /* b2Contact.cpp */ = {isa = PBXFileReference; fileEncoding = 4; lastKnownFileType = sourcecode.cpp.cpp; path = b2Contact.cpp; sourceTree = "<group>"; };
		B9BA5E3113B509E200D3E595 /* b2Contact.h */ = {isa = PBXFileReference; fileEncoding = 4; lastKnownFileType = sourcecode.c.h; path = b2Contact.h; sourceTree = "<group>"; };
		B9BA5E3213B509E200D3E595 /* b2ContactSolver.cpp */ = {isa = PBXFileReference; fileEncoding = 4; lastKnownFileType = sourcecode.cpp.cpp; path = b2ContactSolver.cpp; sourceTree = "<group>"; };
		B9BA5E3313B509E200D3E595 /* b2ContactSolver.h */ = {isa = PBXFileReference; fileEncoding = 4; lastKnownFileType = sourcecode.c.h; path = b2ContactSolver.h; sourceTree = "<group>"; };
		B9BA5E3413B509E200D3E595 /* b2EdgeAndCircleContact.cpp */ = {isa = PBXFileReference; fileEncoding = 4; lastKnownFileType = sourcecode.cpp.cpp; path = b2EdgeAndCircleContact.cpp; sourceTree = "<group>"; };
		B9BA5E3513B509E200D3E595 /* b2EdgeAndCircleContact.h */ = {isa = PBXFileReference; fileEncoding = 4; lastKnownFileType = sourcecode.c.h; path = b2EdgeAndCircleContact.h; sourceTree = "<group>"; };
		B9BA5E3613B509E200D3E595 /* b2EdgeAndPolygonContact.cpp */ = {isa = PBXFileReference; fileEncoding = 4; lastKnownFileType = sourcecode.cpp.cpp; path = b2EdgeAndPolygonContact.cpp; sourceTree = "<group>"; };
		B9BA5E3713B509E200D3E595 /* b2EdgeAndPolygonContact.h */ = {isa = PBXFileReference; fileEncoding = 4; lastKnownFileType = sourcecode.c.h; path = b2EdgeAndPolygonContact.h; sourceTree = "<group>"; };
		B9BA5E3813B509E200D3E595 /* b2LoopAndCircleContact.cpp */ = {isa = PBXFileReference; fileEncoding = 4; lastKnownFileType = sourcecode.cpp.cpp; path = b2LoopAndCircleContact.cpp; sourceTree = "<group>"; };
		B9BA5E3913B509E200D3E595 /* b2LoopAndCircleContact.h */ = {isa = PBXFileReference; fileEncoding = 4; lastKnownFileType = sourcecode.c.h; path = b2LoopAndCircleContact.h; sourceTree = "<group>"; };
		B9BA5E3A13B509E200D3E595 /* b2LoopAndPolygonContact.cpp */ = {isa = PBXFileReference; fileEncoding = 4; lastKnownFileType = sourcecode.cpp.cpp; path = b2LoopAndPolygonContact.cpp; sourceTree = "<group>"; };
		B9BA5E3B13B509E200D3E595 /* b2LoopAndPolygonContact.h */ = {isa = PBXFileReference; fileEncoding = 4; lastKnownFileType = sourcecode.c.h; path = b2LoopAndPolygonContact.h; sourceTree = "<group>"; };
		B9BA5E3C13B509E200D3E595 /* b2PolygonAndCircleContact.cpp */ = {isa = PBXFileReference; fileEncoding = 4; lastKnownFileType = sourcecode.cpp.cpp; path = b2PolygonAndCircleContact.cpp; sourceTree = "<group>"; };
		B9BA5E3D13B509E200D3E595 /* b2PolygonAndCircleContact.h */ = {isa = PBXFileReference; fileEncoding = 4; lastKnownFileType = sourcecode.c.h; path = b2PolygonAndCircleContact.h; sourceTree = "<group>"; };
		B9BA5E3E13B509E200D3E595 /* b2PolygonContact.cpp */ = {isa = PBXFileReference; fileEncoding = 4; lastKnownFileType = sourcecode.cpp.cpp; path = b2PolygonContact.cpp; sourceTree = "<group>"; };
		B9BA5E3F13B509E200D3E595 /* b2PolygonContact.h */ = {isa = PBXFileReference; fileEncoding = 4; lastKnownFileType = sourcecode.c.h; path = b2PolygonContact.h; sourceTree = "<group>"; };
		B9BA5E4113B509E200D3E595 /* b2DistanceJoint.cpp */ = {isa = PBXFileReference; fileEncoding = 4; lastKnownFileType = sourcecode.cpp.cpp; path = b2DistanceJoint.cpp; sourceTree = "<group>"; };
		B9BA5E4213B509E200D3E595 /* b2DistanceJoint.h */ = {isa = PBXFileReference; fileEncoding = 4; lastKnownFileType = sourcecode.c.h; path = b2DistanceJoint.h; sourceTree = "<group>"; };
		B9BA5E4313B509E200D3E595 /* b2FrictionJoint.cpp */ = {isa = PBXFileReference; fileEncoding = 4; lastKnownFileType = sourcecode.cpp.cpp; path = b2FrictionJoint.cpp; sourceTree = "<group>"; };
		B9BA5E4413B509E200D3E595 /* b2FrictionJoint.h */ = {isa = PBXFileReference; fileEncoding = 4; lastKnownFileType = sourcecode.c.h; path = b2FrictionJoint.h; sourceTree = "<group>"; };
		B9BA5E4513B509E200D3E595 /* b2GearJoint.cpp */ = {isa = PBXFileReference; fileEncoding = 4; lastKnownFileType = sourcecode.cpp.cpp; path = b2GearJoint.cpp; sourceTree = "<group>"; };
		B9BA5E4613B509E200D3E595 /* b2GearJoint.h */ = {isa = PBXFileReference; fileEncoding = 4; lastKnownFileType = sourcecode.c.h; path = b2GearJoint.h; sourceTree = "<group>"; };
		B9BA5E4713B509E200D3E595 /* b2Joint.cpp */ = {isa = PBXFileReference; fileEncoding = 4; lastKnownFileType = sourcecode.cpp.cpp; path = b2Joint.cpp; sourceTree = "<group>"; };
		B9BA5E4813B509E200D3E595 /* b2Joint.h */ = {isa = PBXFileReference; fileEncoding = 4; lastKnownFileType = sourcecode.c.h; path = b2Joint.h; sourceTree = "<group>"; };
		B9BA5E4913B509E200D3E595 /* b2MouseJoint.cpp */ = {isa = PBXFileReference; fileEncoding = 4; lastKnownFileType = sourcecode.cpp.cpp; path = b2MouseJoint.cpp; sourceTree = "<group>"; };
		B9BA5E4A13B509E200D3E595 /* b2MouseJoint.h */ = {isa = PBXFileReference; fileEncoding = 4; lastKnownFileType = sourcecode.c.h; path = b2MouseJoint.h; sourceTree = "<group>"; };
		B9BA5E4B13B509E200D3E595 /* b2PrismaticJoint.cpp */ = {isa = PBXFileReference; fileEncoding = 4; lastKnownFileType = sourcecode.cpp.cpp; path = b2PrismaticJoint.cpp; sourceTree = "<group>"; };
		B9BA5E4C13B509E200D3E595 /* b2PrismaticJoint.h */ = {isa = PBXFileReference; fileEncoding = 4; lastKnownFileType = sourcecode.c.h; path = b2PrismaticJoint.h; sourceTree = "<group>"; };
		B9BA5E4D13B509E200D3E595 /* b2PulleyJoint.cpp */ = {isa = PBXFileReference; fileEncoding = 4; lastKnownFileType = sourcecode.cpp.cpp; path = b2PulleyJoint.cpp; sourceTree = "<group>"; };
		B9BA5E4E13B509E200D3E595 /* b2PulleyJoint.h */ = {isa = PBXFileReference; fileEncoding = 4; lastKnownFileType = sourcecode.c.h; path = b2PulleyJoint.h; sourceTree = "<group>"; };
		B9BA5E4F13B509E200D3E595 /* b2RevoluteJoint.cpp */ = {isa = PBXFileReference; fileEncoding = 4; lastKnownFileType = sourcecode.cpp.cpp; path = b2RevoluteJoint.cpp; sourceTree = "<group>"; };
		B9BA5E5013B509E200D3E595 /* b2RevoluteJoint.h */ = {isa = PBXFileReference; fileEncoding = 4; lastKnownFileType = sourcecode.c.h; path = b2RevoluteJoint.h; sourceTree = "<group>"; };
		B9BA5E5113B509E200D3E595 /* b2RopeJoint.cpp */ = {isa = PBXFileReference; fileEncoding = 4; lastKnownFileType = sourcecode.cpp.cpp; path = b2RopeJoint.cpp; sourceTree = "<group>"; };
		B9BA5E5213B509E200D3E595 /* b2RopeJoint.h */ = {isa = PBXFileReference; fileEncoding = 4; lastKnownFileType = sourcecode.c.h; path = b2RopeJoint.h; sourceTree = "<group>"; };
		B9BA5E5313B509E200D3E595 /* b2WeldJoint.cpp */ = {isa = PBXFileReference; fileEncoding = 4; lastKnownFileType = sourcecode.cpp.cpp; path = b2WeldJoint.cpp; sourceTree = "<group>"; };
		B9BA5E5413B509E200D3E595 /* b2WeldJoint.h */ = {isa = PBXFileReference; fileEncoding = 4; lastKnownFileType = sourcecode.c.h; path = b2WeldJoint.h; sourceTree = "<group>"; };
		B9BA5E5513B509E200D3E595 /* b2WheelJoint.cpp */ = {isa = PBXFileReference; fileEncoding = 4; lastKnownFileType = sourcecode.cpp.cpp; path = b2WheelJoint.cpp; sourceTree = "<group>"; };
		B9BA5E5613B509E200D3E595 /* b2WheelJoint.h */ = {isa = PBXFileReference; fileEncoding = 4; lastKnownFileType = sourcecode.c.h; path = b2WheelJoint.h; sourceTree = "<group>"; };
		B9BA5E5813B509E200D3E595 /* b2Rope.cpp */ = {isa = PBXFileReference; fileEncoding = 4; lastKnownFileType = sourcecode.cpp.cpp; path = b2Rope.cpp; sourceTree = "<group>"; };
		B9BA5E5913B509E200D3E595 /* b2Rope.h */ = {isa = PBXFileReference; fileEncoding = 4; lastKnownFileType = sourcecode.c.h; path = b2Rope.h; sourceTree = "<group>"; };
/* End PBXFileReference section */

/* Begin PBXFrameworksBuildPhase section */
		36C2AEF00CD7A2DB0054F99E /* Frameworks */ = {
			isa = PBXFrameworksBuildPhase;
			buildActionMask = 2147483647;
			files = (
				B9AAC9360F60B58D0003966C /* OpenGL.framework in Frameworks */,
			);
			runOnlyForDeploymentPostprocessing = 0;
		};
/* End PBXFrameworksBuildPhase section */

/* Begin PBXGroup section */
		19C28FACFE9D520D11CA2CBB /* Products */ = {
			isa = PBXGroup;
			children = (
				36C2AEF20CD7A2DB0054F99E /* box2d.so */,
			);
			name = Products;
			sourceTree = "<group>";
		};
		29B97314FDCFA39411CA2CEA /* cocoa_ogl */ = {
			isa = PBXGroup;
			children = (
				B9BA5A8F13B4640C00D3E595 /* dev */,
				B9BA5DF713B509E200D3E595 /* Box2D */,
				B9AAC7AA0F6089550003966C /* src */,
				B9AAC9350F60B58D0003966C /* OpenGL.framework */,
				19C28FACFE9D520D11CA2CBB /* Products */,
			);
			name = cocoa_ogl;
			sourceTree = "<group>";
		};
		B9AAC7AA0F6089550003966C /* src */ = {
			isa = PBXGroup;
			children = (
				B9AAC7AC0F6089790003966C /* World2d.h */,
				B9AAC7AD0F6089790003966C /* World2d.cpp */,
				B9AAC87F0F60985C0003966C /* World2d_udata.cpp */,
				B9AAC8CF0F60AC2B0003966C /* lua_box2d.h */,
				B9AAC8D00F60AC2B0003966C /* lua_box2d.cpp */,
			);
			name = src;
			path = ../src;
			sourceTree = SOURCE_ROOT;
		};
		B9BA5DF713B509E200D3E595 /* Box2D */ = {
			isa = PBXGroup;
			children = (
				B9BA5DF813B509E200D3E595 /* Box2D.h */,
				B9BA5DF913B509E200D3E595 /* Collision */,
				B9BA5E1113B509E200D3E595 /* Common */,
				B9BA5E1F13B509E200D3E595 /* Dynamics */,
				B9BA5E5713B509E200D3E595 /* Rope */,
			);
			name = Box2D;
			path = ../Box2D;
			sourceTree = SOURCE_ROOT;
		};
		B9BA5DF913B509E200D3E595 /* Collision */ = {
			isa = PBXGroup;
			children = (
				B9BA5DFA13B509E200D3E595 /* b2BroadPhase.cpp */,
				B9BA5DFB13B509E200D3E595 /* b2BroadPhase.h */,
				B9BA5DFC13B509E200D3E595 /* b2CollideCircle.cpp */,
				B9BA5DFD13B509E200D3E595 /* b2CollideEdge.cpp */,
				B9BA5DFE13B509E200D3E595 /* b2CollidePolygon.cpp */,
				B9BA5DFF13B509E200D3E595 /* b2Collision.cpp */,
				B9BA5E0013B509E200D3E595 /* b2Collision.h */,
				B9BA5E0113B509E200D3E595 /* b2Distance.cpp */,
				B9BA5E0213B509E200D3E595 /* b2Distance.h */,
				B9BA5E0313B509E200D3E595 /* b2DynamicTree.cpp */,
				B9BA5E0413B509E200D3E595 /* b2DynamicTree.h */,
				B9BA5E0513B509E200D3E595 /* b2TimeOfImpact.cpp */,
				B9BA5E0613B509E200D3E595 /* b2TimeOfImpact.h */,
				B9BA5E0713B509E200D3E595 /* Shapes */,
			);
			path = Collision;
			sourceTree = "<group>";
		};
		B9BA5E0713B509E200D3E595 /* Shapes */ = {
			isa = PBXGroup;
			children = (
				B9BA5E0813B509E200D3E595 /* b2CircleShape.cpp */,
				B9BA5E0913B509E200D3E595 /* b2CircleShape.h */,
				B9BA5E0A13B509E200D3E595 /* b2EdgeShape.cpp */,
				B9BA5E0B13B509E200D3E595 /* b2EdgeShape.h */,
				B9BA5E0C13B509E200D3E595 /* b2LoopShape.cpp */,
				B9BA5E0D13B509E200D3E595 /* b2LoopShape.h */,
				B9BA5E0E13B509E200D3E595 /* b2PolygonShape.cpp */,
				B9BA5E0F13B509E200D3E595 /* b2PolygonShape.h */,
				B9BA5E1013B509E200D3E595 /* b2Shape.h */,
			);
			path = Shapes;
			sourceTree = "<group>";
		};
		B9BA5E1113B509E200D3E595 /* Common */ = {
			isa = PBXGroup;
			children = (
				B9BA5E1213B509E200D3E595 /* b2BlockAllocator.cpp */,
				B9BA5E1313B509E200D3E595 /* b2BlockAllocator.h */,
				B9BA5E1413B509E200D3E595 /* b2Draw.cpp */,
				B9BA5E1513B509E200D3E595 /* b2Draw.h */,
				B9BA5E1613B509E200D3E595 /* b2GrowableStack.h */,
				B9BA5E1713B509E200D3E595 /* b2Math.cpp */,
				B9BA5E1813B509E200D3E595 /* b2Math.h */,
				B9BA5E1913B509E200D3E595 /* b2Settings.cpp */,
				B9BA5E1A13B509E200D3E595 /* b2Settings.h */,
				B9BA5E1B13B509E200D3E595 /* b2StackAllocator.cpp */,
				B9BA5E1C13B509E200D3E595 /* b2StackAllocator.h */,
				B9BA5E1D13B509E200D3E595 /* b2Timer.cpp */,
				B9BA5E1E13B509E200D3E595 /* b2Timer.h */,
			);
			path = Common;
			sourceTree = "<group>";
		};
		B9BA5E1F13B509E200D3E595 /* Dynamics */ = {
			isa = PBXGroup;
			children = (
				B9BA5E2013B509E200D3E595 /* b2Body.cpp */,
				B9BA5E2113B509E200D3E595 /* b2Body.h */,
				B9BA5E2213B509E200D3E595 /* b2ContactManager.cpp */,
				B9BA5E2313B509E200D3E595 /* b2ContactManager.h */,
				B9BA5E2413B509E200D3E595 /* b2Fixture.cpp */,
				B9BA5E2513B509E200D3E595 /* b2Fixture.h */,
				B9BA5E2613B509E200D3E595 /* b2Island.cpp */,
				B9BA5E2713B509E200D3E595 /* b2Island.h */,
				B9BA5E2813B509E200D3E595 /* b2TimeStep.h */,
				B9BA5E2913B509E200D3E595 /* b2World.cpp */,
				B9BA5E2A13B509E200D3E595 /* b2World.h */,
				B9BA5E2B13B509E200D3E595 /* b2WorldCallbacks.cpp */,
				B9BA5E2C13B509E200D3E595 /* b2WorldCallbacks.h */,
				B9BA5E2D13B509E200D3E595 /* Contacts */,
				B9BA5E4013B509E200D3E595 /* Joints */,
			);
			path = Dynamics;
			sourceTree = "<group>";
		};
		B9BA5E2D13B509E200D3E595 /* Contacts */ = {
			isa = PBXGroup;
			children = (
				B9BA5E2E13B509E200D3E595 /* b2CircleContact.cpp */,
				B9BA5E2F13B509E200D3E595 /* b2CircleContact.h */,
				B9BA5E3013B509E200D3E595 /* b2Contact.cpp */,
				B9BA5E3113B509E200D3E595 /* b2Contact.h */,
				B9BA5E3213B509E200D3E595 /* b2ContactSolver.cpp */,
				B9BA5E3313B509E200D3E595 /* b2ContactSolver.h */,
				B9BA5E3413B509E200D3E595 /* b2EdgeAndCircleContact.cpp */,
				B9BA5E3513B509E200D3E595 /* b2EdgeAndCircleContact.h */,
				B9BA5E3613B509E200D3E595 /* b2EdgeAndPolygonContact.cpp */,
				B9BA5E3713B509E200D3E595 /* b2EdgeAndPolygonContact.h */,
				B9BA5E3813B509E200D3E595 /* b2LoopAndCircleContact.cpp */,
				B9BA5E3913B509E200D3E595 /* b2LoopAndCircleContact.h */,
				B9BA5E3A13B509E200D3E595 /* b2LoopAndPolygonContact.cpp */,
				B9BA5E3B13B509E200D3E595 /* b2LoopAndPolygonContact.h */,
				B9BA5E3C13B509E200D3E595 /* b2PolygonAndCircleContact.cpp */,
				B9BA5E3D13B509E200D3E595 /* b2PolygonAndCircleContact.h */,
				B9BA5E3E13B509E200D3E595 /* b2PolygonContact.cpp */,
				B9BA5E3F13B509E200D3E595 /* b2PolygonContact.h */,
			);
			path = Contacts;
			sourceTree = "<group>";
		};
		B9BA5E4013B509E200D3E595 /* Joints */ = {
			isa = PBXGroup;
			children = (
				B9BA5E4113B509E200D3E595 /* b2DistanceJoint.cpp */,
				B9BA5E4213B509E200D3E595 /* b2DistanceJoint.h */,
				B9BA5E4313B509E200D3E595 /* b2FrictionJoint.cpp */,
				B9BA5E4413B509E200D3E595 /* b2FrictionJoint.h */,
				B9BA5E4513B509E200D3E595 /* b2GearJoint.cpp */,
				B9BA5E4613B509E200D3E595 /* b2GearJoint.h */,
				B9BA5E4713B509E200D3E595 /* b2Joint.cpp */,
				B9BA5E4813B509E200D3E595 /* b2Joint.h */,
				B9BA5E4913B509E200D3E595 /* b2MouseJoint.cpp */,
				B9BA5E4A13B509E200D3E595 /* b2MouseJoint.h */,
				B9BA5E4B13B509E200D3E595 /* b2PrismaticJoint.cpp */,
				B9BA5E4C13B509E200D3E595 /* b2PrismaticJoint.h */,
				B9BA5E4D13B509E200D3E595 /* b2PulleyJoint.cpp */,
				B9BA5E4E13B509E200D3E595 /* b2PulleyJoint.h */,
				B9BA5E4F13B509E200D3E595 /* b2RevoluteJoint.cpp */,
				B9BA5E5013B509E200D3E595 /* b2RevoluteJoint.h */,
				B9BA5E5113B509E200D3E595 /* b2RopeJoint.cpp */,
				B9BA5E5213B509E200D3E595 /* b2RopeJoint.h */,
				B9BA5E5313B509E200D3E595 /* b2WeldJoint.cpp */,
				B9BA5E5413B509E200D3E595 /* b2WeldJoint.h */,
				B9BA5E5513B509E200D3E595 /* b2WheelJoint.cpp */,
				B9BA5E5613B509E200D3E595 /* b2WheelJoint.h */,
			);
			path = Joints;
			sourceTree = "<group>";
		};
		B9BA5E5713B509E200D3E595 /* Rope */ = {
			isa = PBXGroup;
			children = (
				B9BA5E5813B509E200D3E595 /* b2Rope.cpp */,
				B9BA5E5913B509E200D3E595 /* b2Rope.h */,
			);
			path = Rope;
			sourceTree = "<group>";
		};
/* End PBXGroup section */

/* Begin PBXHeadersBuildPhase section */
		36C2AEEE0CD7A2DB0054F99E /* Headers */ = {
			isa = PBXHeadersBuildPhase;
			buildActionMask = 2147483647;
			files = (
				B9AAC7AE0F6089790003966C /* World2d.h in Headers */,
				B9AAC8D10F60AC2B0003966C /* lua_box2d.h in Headers */,
				B9BA5E5A13B509E200D3E595 /* Box2D.h in Headers */,
				B9BA5E5C13B509E200D3E595 /* b2BroadPhase.h in Headers */,
				B9BA5E6113B509E200D3E595 /* b2Collision.h in Headers */,
				B9BA5E6313B509E200D3E595 /* b2Distance.h in Headers */,
				B9BA5E6513B509E200D3E595 /* b2DynamicTree.h in Headers */,
				B9BA5E6713B509E200D3E595 /* b2TimeOfImpact.h in Headers */,
				B9BA5E6913B509E200D3E595 /* b2CircleShape.h in Headers */,
				B9BA5E6B13B509E200D3E595 /* b2EdgeShape.h in Headers */,
				B9BA5E6D13B509E200D3E595 /* b2LoopShape.h in Headers */,
				B9BA5E6F13B509E200D3E595 /* b2PolygonShape.h in Headers */,
				B9BA5E7013B509E200D3E595 /* b2Shape.h in Headers */,
				B9BA5E7213B509E200D3E595 /* b2BlockAllocator.h in Headers */,
				B9BA5E7413B509E200D3E595 /* b2Draw.h in Headers */,
				B9BA5E7513B509E200D3E595 /* b2GrowableStack.h in Headers */,
				B9BA5E7713B509E200D3E595 /* b2Math.h in Headers */,
				B9BA5E7913B509E200D3E595 /* b2Settings.h in Headers */,
				B9BA5E7B13B509E200D3E595 /* b2StackAllocator.h in Headers */,
				B9BA5E7D13B509E200D3E595 /* b2Timer.h in Headers */,
				B9BA5E7F13B509E200D3E595 /* b2Body.h in Headers */,
				B9BA5E8113B509E200D3E595 /* b2ContactManager.h in Headers */,
				B9BA5E8313B509E200D3E595 /* b2Fixture.h in Headers */,
				B9BA5E8513B509E200D3E595 /* b2Island.h in Headers */,
				B9BA5E8613B509E200D3E595 /* b2TimeStep.h in Headers */,
				B9BA5E8813B509E200D3E595 /* b2World.h in Headers */,
				B9BA5E8A13B509E200D3E595 /* b2WorldCallbacks.h in Headers */,
				B9BA5E8C13B509E200D3E595 /* b2CircleContact.h in Headers */,
				B9BA5E8E13B509E200D3E595 /* b2Contact.h in Headers */,
				B9BA5E9013B509E200D3E595 /* b2ContactSolver.h in Headers */,
				B9BA5E9213B509E200D3E595 /* b2EdgeAndCircleContact.h in Headers */,
				B9BA5E9413B509E200D3E595 /* b2EdgeAndPolygonContact.h in Headers */,
				B9BA5E9613B509E200D3E595 /* b2LoopAndCircleContact.h in Headers */,
				B9BA5E9813B509E200D3E595 /* b2LoopAndPolygonContact.h in Headers */,
				B9BA5E9A13B509E200D3E595 /* b2PolygonAndCircleContact.h in Headers */,
				B9BA5E9C13B509E200D3E595 /* b2PolygonContact.h in Headers */,
				B9BA5E9E13B509E200D3E595 /* b2DistanceJoint.h in Headers */,
				B9BA5EA013B509E200D3E595 /* b2FrictionJoint.h in Headers */,
				B9BA5EA213B509E200D3E595 /* b2GearJoint.h in Headers */,
				B9BA5EA413B509E200D3E595 /* b2Joint.h in Headers */,
				B9BA5EA613B509E200D3E595 /* b2MouseJoint.h in Headers */,
				B9BA5EA813B509E200D3E595 /* b2PrismaticJoint.h in Headers */,
				B9BA5EAA13B509E200D3E595 /* b2PulleyJoint.h in Headers */,
				B9BA5EAC13B509E200D3E595 /* b2RevoluteJoint.h in Headers */,
				B9BA5EAE13B509E200D3E595 /* b2RopeJoint.h in Headers */,
				B9BA5EB013B509E200D3E595 /* b2WeldJoint.h in Headers */,
				B9BA5EB213B509E200D3E595 /* b2WheelJoint.h in Headers */,
				B9BA5EB413B509E200D3E595 /* b2Rope.h in Headers */,
			);
			runOnlyForDeploymentPostprocessing = 0;
		};
/* End PBXHeadersBuildPhase section */

/* Begin PBXNativeTarget section */
		36C2AEF10CD7A2DB0054F99E /* box2d */ = {
			isa = PBXNativeTarget;
			buildConfigurationList = 36C2AF000CD7A2EB0054F99E /* Build configuration list for PBXNativeTarget "box2d" */;
			buildPhases = (
				36C2AEEE0CD7A2DB0054F99E /* Headers */,
				36C2AEEF0CD7A2DB0054F99E /* Sources */,
				36C2AEF00CD7A2DB0054F99E /* Frameworks */,
			);
			buildRules = (
			);
			dependencies = (
			);
			name = box2d;
			productName = testmod2;
			productReference = 36C2AEF20CD7A2DB0054F99E /* box2d.so */;
			productType = "com.apple.product-type.library.dynamic";
		};
/* End PBXNativeTarget section */

/* Begin PBXProject section */
		29B97313FDCFA39411CA2CEA /* Project object */ = {
			isa = PBXProject;
			buildConfigurationList = C01FCF4E08A954540054247B /* Build configuration list for PBXProject "box2d" */;
			compatibilityVersion = "Xcode 2.4";
			hasScannedForEncodings = 1;
			mainGroup = 29B97314FDCFA39411CA2CEA /* cocoa_ogl */;
			projectDirPath = "";
			projectRoot = "";
			targets = (
				36C2AEF10CD7A2DB0054F99E /* box2d */,
			);
		};
/* End PBXProject section */

/* Begin PBXSourcesBuildPhase section */
		36C2AEEF0CD7A2DB0054F99E /* Sources */ = {
			isa = PBXSourcesBuildPhase;
			buildActionMask = 2147483647;
			files = (
				B9AAC7AF0F6089790003966C /* World2d.cpp in Sources */,
				B9AAC8810F60985C0003966C /* World2d_udata.cpp in Sources */,
				B9AAC8D20F60AC2B0003966C /* lua_box2d.cpp in Sources */,
				B9BA5E5B13B509E200D3E595 /* b2BroadPhase.cpp in Sources */,
				B9BA5E5D13B509E200D3E595 /* b2CollideCircle.cpp in Sources */,
				B9BA5E5E13B509E200D3E595 /* b2CollideEdge.cpp in Sources */,
				B9BA5E5F13B509E200D3E595 /* b2CollidePolygon.cpp in Sources */,
				B9BA5E6013B509E200D3E595 /* b2Collision.cpp in Sources */,
				B9BA5E6213B509E200D3E595 /* b2Distance.cpp in Sources */,
				B9BA5E6413B509E200D3E595 /* b2DynamicTree.cpp in Sources */,
				B9BA5E6613B509E200D3E595 /* b2TimeOfImpact.cpp in Sources */,
				B9BA5E6813B509E200D3E595 /* b2CircleShape.cpp in Sources */,
				B9BA5E6A13B509E200D3E595 /* b2EdgeShape.cpp in Sources */,
				B9BA5E6C13B509E200D3E595 /* b2LoopShape.cpp in Sources */,
				B9BA5E6E13B509E200D3E595 /* b2PolygonShape.cpp in Sources */,
				B9BA5E7113B509E200D3E595 /* b2BlockAllocator.cpp in Sources */,
				B9BA5E7313B509E200D3E595 /* b2Draw.cpp in Sources */,
				B9BA5E7613B509E200D3E595 /* b2Math.cpp in Sources */,
				B9BA5E7813B509E200D3E595 /* b2Settings.cpp in Sources */,
				B9BA5E7A13B509E200D3E595 /* b2StackAllocator.cpp in Sources */,
				B9BA5E7C13B509E200D3E595 /* b2Timer.cpp in Sources */,
				B9BA5E7E13B509E200D3E595 /* b2Body.cpp in Sources */,
				B9BA5E8013B509E200D3E595 /* b2ContactManager.cpp in Sources */,
				B9BA5E8213B509E200D3E595 /* b2Fixture.cpp in Sources */,
				B9BA5E8413B509E200D3E595 /* b2Island.cpp in Sources */,
				B9BA5E8713B509E200D3E595 /* b2World.cpp in Sources */,
				B9BA5E8913B509E200D3E595 /* b2WorldCallbacks.cpp in Sources */,
				B9BA5E8B13B509E200D3E595 /* b2CircleContact.cpp in Sources */,
				B9BA5E8D13B509E200D3E595 /* b2Contact.cpp in Sources */,
				B9BA5E8F13B509E200D3E595 /* b2ContactSolver.cpp in Sources */,
				B9BA5E9113B509E200D3E595 /* b2EdgeAndCircleContact.cpp in Sources */,
				B9BA5E9313B509E200D3E595 /* b2EdgeAndPolygonContact.cpp in Sources */,
				B9BA5E9513B509E200D3E595 /* b2LoopAndCircleContact.cpp in Sources */,
				B9BA5E9713B509E200D3E595 /* b2LoopAndPolygonContact.cpp in Sources */,
				B9BA5E9913B509E200D3E595 /* b2PolygonAndCircleContact.cpp in Sources */,
				B9BA5E9B13B509E200D3E595 /* b2PolygonContact.cpp in Sources */,
				B9BA5E9D13B509E200D3E595 /* b2DistanceJoint.cpp in Sources */,
				B9BA5E9F13B509E200D3E595 /* b2FrictionJoint.cpp in Sources */,
				B9BA5EA113B509E200D3E595 /* b2GearJoint.cpp in Sources */,
				B9BA5EA313B509E200D3E595 /* b2Joint.cpp in Sources */,
				B9BA5EA513B509E200D3E595 /* b2MouseJoint.cpp in Sources */,
				B9BA5EA713B509E200D3E595 /* b2PrismaticJoint.cpp in Sources */,
				B9BA5EA913B509E200D3E595 /* b2PulleyJoint.cpp in Sources */,
				B9BA5EAB13B509E200D3E595 /* b2RevoluteJoint.cpp in Sources */,
				B9BA5EAD13B509E200D3E595 /* b2RopeJoint.cpp in Sources */,
				B9BA5EAF13B509E200D3E595 /* b2WeldJoint.cpp in Sources */,
				B9BA5EB113B509E200D3E595 /* b2WheelJoint.cpp in Sources */,
				B9BA5EB313B509E200D3E595 /* b2Rope.cpp in Sources */,
			);
			runOnlyForDeploymentPostprocessing = 0;
		};
/* End PBXSourcesBuildPhase section */

/* Begin XCBuildConfiguration section */
		36C2AF010CD7A2EB0054F99E /* Debug */ = {
			isa = XCBuildConfiguration;
			buildSettings = {
				ARCHS = i386;
				COPY_PHASE_STRIP = NO;
				DEPLOYMENT_LOCATION = YES;
				DSTROOT = /;
				DYLIB_COMPATIBILITY_VERSION = "";
				DYLIB_CURRENT_VERSION = "";
				EXECUTABLE_EXTENSION = so;
				EXECUTABLE_PREFIX = "";
				FRAMEWORK_SEARCH_PATHS = /Library/Frameworks;
				GCC_DYNAMIC_NO_PIC = NO;
				GCC_ENABLE_FIX_AND_CONTINUE = YES;
				GCC_GENERATE_DEBUGGING_SYMBOLS = YES;
				GCC_MODEL_TUNING = G5;
				GCC_OPTIMIZATION_LEVEL = 0;
				GENERATE_MASTER_OBJECT_FILE = YES;
				HEADER_SEARCH_PATHS = /Library/Frameworks/LuaAV.framework/Headers/;
				INSTALL_PATH = "$(PROJECT_DIR)/../../../sysbuild/$(CONFIGURATION)/Modules";
				MACH_O_TYPE = mh_bundle;
				MACOSX_DEPLOYMENT_TARGET = 10.3;
				OTHER_LDFLAGS = (
					"-undefined",
					dynamic_lookup,
				);
				PREBINDING = NO;
				PRODUCT_NAME = box2d;
				SCAN_ALL_SOURCE_FILES_FOR_INCLUDES = YES;
				SDKROOT = /Developer/SDKs/MacOSX10.5.sdk;
				SHARED_PRECOMPS_DIR = "";
				STRIP_STYLE = "non-global";
				USER_HEADER_SEARCH_PATHS = "../../../dev/include $(SRCROOT)/../ $(SRCROOT)/../../../dev_osx/include";
				ZERO_LINK = YES;
			};
			name = Debug;
		};
		36C2AF020CD7A2EB0054F99E /* Release */ = {
			isa = XCBuildConfiguration;
			buildSettings = {
				ARCHS = i386;
				COPY_PHASE_STRIP = YES;
				DEPLOYMENT_LOCATION = YES;
				DSTROOT = /;
				DYLIB_COMPATIBILITY_VERSION = "";
				DYLIB_CURRENT_VERSION = "";
				EXECUTABLE_EXTENSION = so;
				EXECUTABLE_PREFIX = "";
				FRAMEWORK_SEARCH_PATHS = /Library/Frameworks;
				GCC_ENABLE_FIX_AND_CONTINUE = NO;
				GCC_GENERATE_DEBUGGING_SYMBOLS = NO;
				GCC_MODEL_TUNING = G5;
				GCC_VERSION = 4.0;
				GENERATE_MASTER_OBJECT_FILE = YES;
				HEADER_SEARCH_PATHS = /Library/Frameworks/LuaAV.framework/Headers/;
				INSTALL_PATH = "$(PROJECT_DIR)/../../../sysbuild/$(CONFIGURATION)/Modules";
				MACH_O_TYPE = mh_bundle;
				MACOSX_DEPLOYMENT_TARGET = 10.3;
				OTHER_LDFLAGS = (
					"-undefined",
					dynamic_lookup,
				);
				PREBINDING = NO;
				PRODUCT_NAME = box2d;
				SCAN_ALL_SOURCE_FILES_FOR_INCLUDES = YES;
				SDKROOT = /Developer/SDKs/MacOSX10.5.sdk;
				SHARED_PRECOMPS_DIR = "";
				STRIP_STYLE = "non-global";
				USER_HEADER_SEARCH_PATHS = "../../../dev/include $(SRCROOT)/../ $(SRCROOT)/../../../dev_osx/include";
				ZERO_LINK = NO;
			};
			name = Release;
		};
		C01FCF4F08A954540054247B /* Debug */ = {
			isa = XCBuildConfiguration;
			buildSettings = {
				GCC_WARN_ABOUT_RETURN_TYPE = YES;
				GCC_WARN_UNUSED_VARIABLE = YES;
				PREBINDING = NO;
				SDKROOT = /Developer/SDKs/MacOSX10.4u.sdk;
			};
			name = Debug;
		};
		C01FCF5008A954540054247B /* Release */ = {
			isa = XCBuildConfiguration;
			buildSettings = {
				GCC_WARN_ABOUT_RETURN_TYPE = YES;
				GCC_WARN_UNUSED_VARIABLE = YES;
				PREBINDING = NO;
				SDKROOT = /Developer/SDKs/MacOSX10.4u.sdk;
			};
			name = Release;
		};
/* End XCBuildConfiguration section */

/* Begin XCConfigurationList section */
		36C2AF000CD7A2EB0054F99E /* Build configuration list for PBXNativeTarget "box2d" */ = {
			isa = XCConfigurationList;
			buildConfigurations = (
				36C2AF010CD7A2EB0054F99E /* Debug */,
				36C2AF020CD7A2EB0054F99E /* Release */,
			);
			defaultConfigurationIsVisible = 0;
			defaultConfigurationName = Release;
		};
		C01FCF4E08A954540054247B /* Build configuration list for PBXProject "box2d" */ = {
			isa = XCConfigurationList;
			buildConfigurations = (
				C01FCF4F08A954540054247B /* Debug */,
				C01FCF5008A954540054247B /* Release */,
			);
			defaultConfigurationIsVisible = 0;
			defaultConfigurationName = Release;
		};
/* End XCConfigurationList section */
	};
	rootObject = 29B97313FDCFA39411CA2CEA /* Project object */;
}
