// !$*UTF8*$!
{
	archiveVersion = 1;
	classes = {
	};
	objectVersion = 42;
	objects = {

/* Begin PBXBuildFile section */
		B9C3787D133A9BF3001D4299 /* luaav_osc.cpp in Sources */ = {isa = PBXBuildFile; fileRef = B9C3786F133A9BF3001D4299 /* luaav_osc.cpp */; };
		B9C3789F133A9C5F001D4299 /* OscException.h in Headers */ = {isa = PBXBuildFile; fileRef = B9C37893133A9C5F001D4299 /* OscException.h */; };
		B9C378A0133A9C5F001D4299 /* OscHostEndianness.h in Headers */ = {isa = PBXBuildFile; fileRef = B9C37894133A9C5F001D4299 /* OscHostEndianness.h */; };
		B9C378A1133A9C5F001D4299 /* OscOutboundPacketStream.cpp in Sources */ = {isa = PBXBuildFile; fileRef = B9C37895133A9C5F001D4299 /* OscOutboundPacketStream.cpp */; };
		B9C378A2133A9C5F001D4299 /* OscOutboundPacketStream.h in Headers */ = {isa = PBXBuildFile; fileRef = B9C37896133A9C5F001D4299 /* OscOutboundPacketStream.h */; };
		B9C378A3133A9C5F001D4299 /* OscPacketListener.h in Headers */ = {isa = PBXBuildFile; fileRef = B9C37897133A9C5F001D4299 /* OscPacketListener.h */; };
		B9C378A4133A9C5F001D4299 /* OscPrintReceivedElements.cpp in Sources */ = {isa = PBXBuildFile; fileRef = B9C37898133A9C5F001D4299 /* OscPrintReceivedElements.cpp */; };
		B9C378A5133A9C5F001D4299 /* OscPrintReceivedElements.h in Headers */ = {isa = PBXBuildFile; fileRef = B9C37899133A9C5F001D4299 /* OscPrintReceivedElements.h */; };
		B9C378A6133A9C5F001D4299 /* OscReceivedElements.cpp in Sources */ = {isa = PBXBuildFile; fileRef = B9C3789A133A9C5F001D4299 /* OscReceivedElements.cpp */; };
		B9C378A7133A9C5F001D4299 /* OscReceivedElements.h in Headers */ = {isa = PBXBuildFile; fileRef = B9C3789B133A9C5F001D4299 /* OscReceivedElements.h */; };
		B9C378A8133A9C5F001D4299 /* OscTypes.cpp in Sources */ = {isa = PBXBuildFile; fileRef = B9C3789C133A9C5F001D4299 /* OscTypes.cpp */; };
		B9C378A9133A9C5F001D4299 /* OscTypes.h in Headers */ = {isa = PBXBuildFile; fileRef = B9C3789D133A9C5F001D4299 /* OscTypes.h */; };
		B9C378AA133A9C5F001D4299 /* PacketListener.h in Headers */ = {isa = PBXBuildFile; fileRef = B9C3789E133A9C5F001D4299 /* PacketListener.h */; };
		B9C378B9133AA76C001D4299 /* libapr-1.a in Frameworks */ = {isa = PBXBuildFile; fileRef = B9C378B8133AA76C001D4299 /* libapr-1.a */; };
/* End PBXBuildFile section */

/* Begin PBXFileReference section */
		36C2AEF20CD7A2DB0054F99E /* osc.so */ = {isa = PBXFileReference; explicitFileType = "compiled.mach-o.dylib"; includeInIndex = 0; path = osc.so; sourceTree = BUILT_PRODUCTS_DIR; };
		B94149361235D308009D436D /* dev */ = {isa = PBXFileReference; lastKnownFileType = folder; name = dev; path = ../../../dev; sourceTree = SOURCE_ROOT; };
		B9C3786F133A9BF3001D4299 /* luaav_osc.cpp */ = {isa = PBXFileReference; fileEncoding = 4; lastKnownFileType = sourcecode.cpp.cpp; path = luaav_osc.cpp; sourceTree = "<group>"; };
		B9C37893133A9C5F001D4299 /* OscException.h */ = {isa = PBXFileReference; fileEncoding = 4; lastKnownFileType = sourcecode.c.h; path = OscException.h; sourceTree = "<group>"; };
		B9C37894133A9C5F001D4299 /* OscHostEndianness.h */ = {isa = PBXFileReference; fileEncoding = 4; lastKnownFileType = sourcecode.c.h; path = OscHostEndianness.h; sourceTree = "<group>"; };
		B9C37895133A9C5F001D4299 /* OscOutboundPacketStream.cpp */ = {isa = PBXFileReference; fileEncoding = 4; lastKnownFileType = sourcecode.cpp.cpp; path = OscOutboundPacketStream.cpp; sourceTree = "<group>"; };
		B9C37896133A9C5F001D4299 /* OscOutboundPacketStream.h */ = {isa = PBXFileReference; fileEncoding = 4; lastKnownFileType = sourcecode.c.h; path = OscOutboundPacketStream.h; sourceTree = "<group>"; };
		B9C37897133A9C5F001D4299 /* OscPacketListener.h */ = {isa = PBXFileReference; fileEncoding = 4; lastKnownFileType = sourcecode.c.h; path = OscPacketListener.h; sourceTree = "<group>"; };
		B9C37898133A9C5F001D4299 /* OscPrintReceivedElements.cpp */ = {isa = PBXFileReference; fileEncoding = 4; lastKnownFileType = sourcecode.cpp.cpp; path = OscPrintReceivedElements.cpp; sourceTree = "<group>"; };
		B9C37899133A9C5F001D4299 /* OscPrintReceivedElements.h */ = {isa = PBXFileReference; fileEncoding = 4; lastKnownFileType = sourcecode.c.h; path = OscPrintReceivedElements.h; sourceTree = "<group>"; };
		B9C3789A133A9C5F001D4299 /* OscReceivedElements.cpp */ = {isa = PBXFileReference; fileEncoding = 4; lastKnownFileType = sourcecode.cpp.cpp; path = OscReceivedElements.cpp; sourceTree = "<group>"; };
		B9C3789B133A9C5F001D4299 /* OscReceivedElements.h */ = {isa = PBXFileReference; fileEncoding = 4; lastKnownFileType = sourcecode.c.h; path = OscReceivedElements.h; sourceTree = "<group>"; };
		B9C3789C133A9C5F001D4299 /* OscTypes.cpp */ = {isa = PBXFileReference; fileEncoding = 4; lastKnownFileType = sourcecode.cpp.cpp; path = OscTypes.cpp; sourceTree = "<group>"; };
		B9C3789D133A9C5F001D4299 /* OscTypes.h */ = {isa = PBXFileReference; fileEncoding = 4; lastKnownFileType = sourcecode.c.h; path = OscTypes.h; sourceTree = "<group>"; };
		B9C3789E133A9C5F001D4299 /* PacketListener.h */ = {isa = PBXFileReference; fileEncoding = 4; lastKnownFileType = sourcecode.c.h; path = PacketListener.h; sourceTree = "<group>"; };
		B9C378B8133AA76C001D4299 /* libapr-1.a */ = {isa = PBXFileReference; lastKnownFileType = archive.ar; name = "libapr-1.a"; path = "../libapr-1.a"; sourceTree = SOURCE_ROOT; };
/* End PBXFileReference section */

/* Begin PBXFrameworksBuildPhase section */
		36C2AEF00CD7A2DB0054F99E /* Frameworks */ = {
			isa = PBXFrameworksBuildPhase;
			buildActionMask = 2147483647;
			files = (
				B9C378B9133AA76C001D4299 /* libapr-1.a in Frameworks */,
			);
			runOnlyForDeploymentPostprocessing = 0;
		};
/* End PBXFrameworksBuildPhase section */

/* Begin PBXGroup section */
		19C28FACFE9D520D11CA2CBB /* Products */ = {
			isa = PBXGroup;
			children = (
				36C2AEF20CD7A2DB0054F99E /* osc.so */,
			);
			name = Products;
			sourceTree = "<group>";
		};
		29B97314FDCFA39411CA2CEA /* cocoa_ogl */ = {
			isa = PBXGroup;
			children = (
				B94149361235D308009D436D /* dev */,
				B9C37891133A9C5F001D4299 /* oscpack */,
				B9C3786E133A9BF3001D4299 /* src */,
				B9C378B8133AA76C001D4299 /* libapr-1.a */,
				19C28FACFE9D520D11CA2CBB /* Products */,
			);
			name = cocoa_ogl;
			sourceTree = "<group>";
		};
		B9C3786E133A9BF3001D4299 /* src */ = {
			isa = PBXGroup;
			children = (
				B9C3786F133A9BF3001D4299 /* luaav_osc.cpp */,
			);
			name = src;
			path = ../src;
			sourceTree = SOURCE_ROOT;
		};
		B9C37891133A9C5F001D4299 /* oscpack */ = {
			isa = PBXGroup;
			children = (
				B9C37892133A9C5F001D4299 /* osc */,
			);
			name = oscpack;
			path = ../oscpack;
			sourceTree = SOURCE_ROOT;
		};
		B9C37892133A9C5F001D4299 /* osc */ = {
			isa = PBXGroup;
			children = (
				B9C37893133A9C5F001D4299 /* OscException.h */,
				B9C37894133A9C5F001D4299 /* OscHostEndianness.h */,
				B9C37895133A9C5F001D4299 /* OscOutboundPacketStream.cpp */,
				B9C37896133A9C5F001D4299 /* OscOutboundPacketStream.h */,
				B9C37897133A9C5F001D4299 /* OscPacketListener.h */,
				B9C37898133A9C5F001D4299 /* OscPrintReceivedElements.cpp */,
				B9C37899133A9C5F001D4299 /* OscPrintReceivedElements.h */,
				B9C3789A133A9C5F001D4299 /* OscReceivedElements.cpp */,
				B9C3789B133A9C5F001D4299 /* OscReceivedElements.h */,
				B9C3789C133A9C5F001D4299 /* OscTypes.cpp */,
				B9C3789D133A9C5F001D4299 /* OscTypes.h */,
				B9C3789E133A9C5F001D4299 /* PacketListener.h */,
			);
			path = osc;
			sourceTree = "<group>";
		};
/* End PBXGroup section */

/* Begin PBXHeadersBuildPhase section */
		36C2AEEE0CD7A2DB0054F99E /* Headers */ = {
			isa = PBXHeadersBuildPhase;
			buildActionMask = 2147483647;
			files = (
				B9C3789F133A9C5F001D4299 /* OscException.h in Headers */,
				B9C378A0133A9C5F001D4299 /* OscHostEndianness.h in Headers */,
				B9C378A2133A9C5F001D4299 /* OscOutboundPacketStream.h in Headers */,
				B9C378A3133A9C5F001D4299 /* OscPacketListener.h in Headers */,
				B9C378A5133A9C5F001D4299 /* OscPrintReceivedElements.h in Headers */,
				B9C378A7133A9C5F001D4299 /* OscReceivedElements.h in Headers */,
				B9C378A9133A9C5F001D4299 /* OscTypes.h in Headers */,
				B9C378AA133A9C5F001D4299 /* PacketListener.h in Headers */,
			);
			runOnlyForDeploymentPostprocessing = 0;
		};
/* End PBXHeadersBuildPhase section */

/* Begin PBXNativeTarget section */
		36C2AEF10CD7A2DB0054F99E /* osc */ = {
			isa = PBXNativeTarget;
			buildConfigurationList = 36C2AF000CD7A2EB0054F99E /* Build configuration list for PBXNativeTarget "osc" */;
			buildPhases = (
				36C2AEEE0CD7A2DB0054F99E /* Headers */,
				36C2AEEF0CD7A2DB0054F99E /* Sources */,
				36C2AEF00CD7A2DB0054F99E /* Frameworks */,
			);
			buildRules = (
			);
			dependencies = (
			);
			name = osc;
			productName = testmod2;
			productReference = 36C2AEF20CD7A2DB0054F99E /* osc.so */;
			productType = "com.apple.product-type.library.dynamic";
		};
/* End PBXNativeTarget section */

/* Begin PBXProject section */
		29B97313FDCFA39411CA2CEA /* Project object */ = {
			isa = PBXProject;
			buildConfigurationList = C01FCF4E08A954540054247B /* Build configuration list for PBXProject "osc" */;
			compatibilityVersion = "Xcode 2.4";
			hasScannedForEncodings = 1;
			knownRegions = (
				English,
				Japanese,
				French,
				German,
			);
			mainGroup = 29B97314FDCFA39411CA2CEA /* cocoa_ogl */;
			projectDirPath = "";
			projectRoot = "";
			targets = (
				36C2AEF10CD7A2DB0054F99E /* osc */,
			);
		};
/* End PBXProject section */

/* Begin PBXSourcesBuildPhase section */
		36C2AEEF0CD7A2DB0054F99E /* Sources */ = {
			isa = PBXSourcesBuildPhase;
			buildActionMask = 2147483647;
			files = (
				B9C3787D133A9BF3001D4299 /* luaav_osc.cpp in Sources */,
				B9C378A1133A9C5F001D4299 /* OscOutboundPacketStream.cpp in Sources */,
				B9C378A4133A9C5F001D4299 /* OscPrintReceivedElements.cpp in Sources */,
				B9C378A6133A9C5F001D4299 /* OscReceivedElements.cpp in Sources */,
				B9C378A8133A9C5F001D4299 /* OscTypes.cpp in Sources */,
			);
			runOnlyForDeploymentPostprocessing = 0;
		};
/* End PBXSourcesBuildPhase section */

/* Begin XCBuildConfiguration section */
		36C2AF010CD7A2EB0054F99E /* Debug */ = {
			isa = XCBuildConfiguration;
			buildSettings = {
				ARCHS = "$(ARCHS_STANDARD_32_64_BIT_PRE_XCODE_3_1)";
				ARCHS_STANDARD_32_64_BIT_PRE_XCODE_3_1 = "x86_64 i386 ppc";
				COPY_PHASE_STRIP = NO;
				DEPLOYMENT_LOCATION = NO;
				DSTROOT = /;
				DYLIB_COMPATIBILITY_VERSION = "";
				DYLIB_CURRENT_VERSION = "";
				EXECUTABLE_EXTENSION = so;
				EXECUTABLE_PREFIX = "";
				FRAMEWORK_SEARCH_PATHS = /Library/Frameworks;
				GCC_DYNAMIC_NO_PIC = NO;
				GCC_ENABLE_FIX_AND_CONTINUE = YES;
				GCC_GENERATE_DEBUGGING_SYMBOLS = YES;
				GCC_MODEL_TUNING = G5;
				GCC_OPTIMIZATION_LEVEL = 0;
				GENERATE_MASTER_OBJECT_FILE = YES;
				HEADER_SEARCH_PATHS = /Library/Frameworks/LuaAV.framework/Headers/;
				INSTALL_PATH = "$(PROJECT_DIR)/../../../sysbuild/$(CONFIGURATION)/modules";
				LIBRARY_SEARCH_PATHS = (
					"$(inherited)",
					"$(LIBRARY_SEARCH_PATHS_QUOTED_FOR_TARGET_1)",
					"$(LIBRARY_SEARCH_PATHS_QUOTED_FOR_TARGET_2)",
				);
				LIBRARY_SEARCH_PATHS_QUOTED_FOR_TARGET_1 = "\"$(SRCROOT)\"";
				LIBRARY_SEARCH_PATHS_QUOTED_FOR_TARGET_2 = "\"$(SRCROOT)/..\"";
				MACH_O_TYPE = mh_bundle;
				MACOSX_DEPLOYMENT_TARGET = 10.4;
				OTHER_LDFLAGS = (
					"-undefined",
					dynamic_lookup,
				);
				PREBINDING = NO;
				PRODUCT_NAME = osc;
				SCAN_ALL_SOURCE_FILES_FOR_INCLUDES = YES;
				SDKROOT = /Developer/SDKs/MacOSX10.5.sdk;
				SHARED_PRECOMPS_DIR = "";
				STRIP_STYLE = "non-global";
				USER_HEADER_SEARCH_PATHS = "$(SRCROOT)/include $(SRCROOT) $(SRCROOT)/../../../dev/include $(SRCROOT)/../../../dev_osx/include $(SRCROOT)/../src/module";
				ZERO_LINK = YES;
			};
			name = Debug;
		};
		36C2AF020CD7A2EB0054F99E /* Release */ = {
			isa = XCBuildConfiguration;
			buildSettings = {
				ARCHS = "$(ARCHS_STANDARD_32_64_BIT_PRE_XCODE_3_1)";
				ARCHS_STANDARD_32_64_BIT_PRE_XCODE_3_1 = "x86_64 i386 ppc";
				COPY_PHASE_STRIP = YES;
				DEPLOYMENT_LOCATION = NO;
				DSTROOT = /;
				DYLIB_COMPATIBILITY_VERSION = "";
				DYLIB_CURRENT_VERSION = "";
				EXECUTABLE_EXTENSION = so;
				EXECUTABLE_PREFIX = "";
				FRAMEWORK_SEARCH_PATHS = /Library/Frameworks;
				GCC_ENABLE_FIX_AND_CONTINUE = NO;
				GCC_GENERATE_DEBUGGING_SYMBOLS = NO;
				GCC_MODEL_TUNING = G5;
				GENERATE_MASTER_OBJECT_FILE = YES;
				HEADER_SEARCH_PATHS = /Library/Frameworks/LuaAV.framework/Headers/;
				INSTALL_PATH = "$(PROJECT_DIR)/../../../sysbuild/$(CONFIGURATION)/modules";
				LIBRARY_SEARCH_PATHS = (
					"$(inherited)",
					"$(LIBRARY_SEARCH_PATHS_QUOTED_FOR_TARGET_1)",
					"$(LIBRARY_SEARCH_PATHS_QUOTED_FOR_TARGET_2)",
				);
				LIBRARY_SEARCH_PATHS_QUOTED_FOR_TARGET_1 = "\"$(SRCROOT)\"";
				LIBRARY_SEARCH_PATHS_QUOTED_FOR_TARGET_2 = "\"$(SRCROOT)/..\"";
				MACH_O_TYPE = mh_bundle;
				MACOSX_DEPLOYMENT_TARGET = 10.4;
				OTHER_LDFLAGS = (
					"-undefined",
					dynamic_lookup,
				);
				PREBINDING = NO;
				PRODUCT_NAME = osc;
				SCAN_ALL_SOURCE_FILES_FOR_INCLUDES = YES;
				SDKROOT = /Developer/SDKs/MacOSX10.5.sdk;
				SHARED_PRECOMPS_DIR = "";
				STRIP_STYLE = "non-global";
				USER_HEADER_SEARCH_PATHS = "$(SRCROOT)/include $(SRCROOT) $(SRCROOT)/../../../dev/include $(SRCROOT)/../../../dev_osx/include $(SRCROOT)/../src/module";
				ZERO_LINK = NO;
			};
			name = Release;
		};
		C01FCF4F08A954540054247B /* Debug */ = {
			isa = XCBuildConfiguration;
			buildSettings = {
				ARCHS = i386;
				GCC_WARN_ABOUT_RETURN_TYPE = YES;
				GCC_WARN_UNUSED_VARIABLE = YES;
				PREBINDING = NO;
				SDKROOT = /Developer/SDKs/MacOSX10.5.sdk;
			};
			name = Debug;
		};
		C01FCF5008A954540054247B /* Release */ = {
			isa = XCBuildConfiguration;
			buildSettings = {
				ARCHS = i386;
				GCC_WARN_ABOUT_RETURN_TYPE = YES;
				GCC_WARN_UNUSED_VARIABLE = YES;
				PREBINDING = NO;
				SDKROOT = /Developer/SDKs/MacOSX10.5.sdk;
			};
			name = Release;
		};
/* End XCBuildConfiguration section */

/* Begin XCConfigurationList section */
		36C2AF000CD7A2EB0054F99E /* Build configuration list for PBXNativeTarget "osc" */ = {
			isa = XCConfigurationList;
			buildConfigurations = (
				36C2AF010CD7A2EB0054F99E /* Debug */,
				36C2AF020CD7A2EB0054F99E /* Release */,
			);
			defaultConfigurationIsVisible = 0;
			defaultConfigurationName = Release;
		};
		C01FCF4E08A954540054247B /* Build configuration list for PBXProject "osc" */ = {
			isa = XCConfigurationList;
			buildConfigurations = (
				C01FCF4F08A954540054247B /* Debug */,
				C01FCF5008A954540054247B /* Release */,
			);
			defaultConfigurationIsVisible = 0;
			defaultConfigurationName = Release;
		};
/* End XCConfigurationList section */
	};
	rootObject = 29B97313FDCFA39411CA2CEA /* Project object */;
}
